// !$*UTF8*$!
{
	archiveVersion = 1;
	classes = {
	};
	objectVersion = 48;
	objects = {

/* Begin PBXBuildFile section */
		082E9D6120D13A1A00ED6A22 /* AppDelegate.swift in Sources */ = {isa = PBXBuildFile; fileRef = 082E9D6020D13A1A00ED6A22 /* AppDelegate.swift */; };
		082E9D6B20D13A1B00ED6A22 /* LaunchScreen.storyboard in Resources */ = {isa = PBXBuildFile; fileRef = 082E9D6920D13A1B00ED6A22 /* LaunchScreen.storyboard */; };
		082E9D7620D13A1B00ED6A22 /* aboonTests.swift in Sources */ = {isa = PBXBuildFile; fileRef = 082E9D7520D13A1B00ED6A22 /* aboonTests.swift */; };
		082E9D8120D13A1B00ED6A22 /* aboonUITests.swift in Sources */ = {isa = PBXBuildFile; fileRef = 082E9D8020D13A1B00ED6A22 /* aboonUITests.swift */; };
		2C04E51320E0AFB500AECC8E /* NavigationController.swift in Sources */ = {isa = PBXBuildFile; fileRef = 2C04E51220E0AFB500AECC8E /* NavigationController.swift */; };
		2C04E51520E0B5A900AECC8E /* NavigationBar.swift in Sources */ = {isa = PBXBuildFile; fileRef = 2C04E51420E0B5A900AECC8E /* NavigationBar.swift */; };
		2C0EDC3E20DE108500F0F8E8 /* TabBarController.swift in Sources */ = {isa = PBXBuildFile; fileRef = 2C0EDC3D20DE108500F0F8E8 /* TabBarController.swift */; };
		2C0EDC4220DE111200F0F8E8 /* CategoryViewController.swift in Sources */ = {isa = PBXBuildFile; fileRef = 2C0EDC4120DE111200F0F8E8 /* CategoryViewController.swift */; };
		2C1541BF20E208C8001941ED /* NavigationItem.swift in Sources */ = {isa = PBXBuildFile; fileRef = 2C1541BE20E208C8001941ED /* NavigationItem.swift */; };
		2C1541C120E22AA3001941ED /* CategoryCollectionViewCell.swift in Sources */ = {isa = PBXBuildFile; fileRef = 2C1541C020E22AA3001941ED /* CategoryCollectionViewCell.swift */; };
		2C1541C320E22DAD001941ED /* CategoryCollectionModel.swift in Sources */ = {isa = PBXBuildFile; fileRef = 2C1541C220E22DAD001941ED /* CategoryCollectionModel.swift */; };
		2C1541C520E364BF001941ED /* CategoryCollectionView.swift in Sources */ = {isa = PBXBuildFile; fileRef = 2C1541C420E364BF001941ED /* CategoryCollectionView.swift */; };
		2C3B1D8220E38F79009115C0 /* ShopListView.swift in Sources */ = {isa = PBXBuildFile; fileRef = 2C3B1D8120E38F79009115C0 /* ShopListView.swift */; };
		2CA3DA6720E3C23D00D3A9CA /* ShopListCollectionView.swift in Sources */ = {isa = PBXBuildFile; fileRef = 2CA3DA6620E3C23D00D3A9CA /* ShopListCollectionView.swift */; };
		2CD6214820DF50D300C81DF7 /* MyCouponListViewController.swift in Sources */ = {isa = PBXBuildFile; fileRef = 2CD6214720DF50D300C81DF7 /* MyCouponListViewController.swift */; };
		2CD6215020DF529C00C81DF7 /* ShopListViewController.swift in Sources */ = {isa = PBXBuildFile; fileRef = 2CD6214F20DF529C00C81DF7 /* ShopListViewController.swift */; };
		2CD6215220DF52A900C81DF7 /* ShopDetailViewController.swift in Sources */ = {isa = PBXBuildFile; fileRef = 2CD6215120DF52A900C81DF7 /* ShopDetailViewController.swift */; };
		2CD6215820DF538600C81DF7 /* SignInViewController.swift in Sources */ = {isa = PBXBuildFile; fileRef = 2CD6215720DF538600C81DF7 /* SignInViewController.swift */; };
		2CD6216920DF7EE700C81DF7 /* UIColorHex.swift in Sources */ = {isa = PBXBuildFile; fileRef = 2CD6216820DF7EE700C81DF7 /* UIColorHex.swift */; };
		49ADCD8E20E2955400EB1181 /* CategoryView.swift in Sources */ = {isa = PBXBuildFile; fileRef = 49ADCD8D20E2955400EB1181 /* CategoryView.swift */; };
		58A6E4C53D9E28E05B837769 /* Pods_aboonUITests.framework in Frameworks */ = {isa = PBXBuildFile; fileRef = 8B1F13BE461DBB15F9848EB4 /* Pods_aboonUITests.framework */; };
		7507BE3F20E145A900749F59 /* R.generated.swift in Sources */ = {isa = PBXBuildFile; fileRef = 7507BE3E20E145A900749F59 /* R.generated.swift */; };
		75193E4B20DBB8FA00EF417E /* Debug.swift in Sources */ = {isa = PBXBuildFile; fileRef = 75193E4A20DBB8FA00EF417E /* Debug.swift */; };
		75FC808B20F228F4007ED73B /* GoogleService-Info-Debug.plist in Resources */ = {isa = PBXBuildFile; fileRef = 75FC808A20F228F4007ED73B /* GoogleService-Info-Debug.plist */; };
		7918097F2126C95D0025345C /* CouponConfirmationView.xib in Resources */ = {isa = PBXBuildFile; fileRef = 7918097E2126C95D0025345C /* CouponConfirmationView.xib */; };
		79180983212874C10025345C /* FirebaseAuthErrorHandling.swift in Sources */ = {isa = PBXBuildFile; fileRef = 79180982212874C10025345C /* FirebaseAuthErrorHandling.swift */; };
		79214BE4211C28E0001932D1 /* SignInView.swift in Sources */ = {isa = PBXBuildFile; fileRef = 79214BE3211C28E0001932D1 /* SignInView.swift */; };
		79214BEC211F3B88001932D1 /* MyCouponListCollectionViewCell.swift in Sources */ = {isa = PBXBuildFile; fileRef = 79214BEB211F3B88001932D1 /* MyCouponListCollectionViewCell.swift */; };
		79214BEE211F8C1D001932D1 /* CouponRoomViewController.swift in Sources */ = {isa = PBXBuildFile; fileRef = 79214BED211F8C1D001932D1 /* CouponRoomViewController.swift */; };
		79214BF0211F8C8C001932D1 /* CouponRoomModel.swift in Sources */ = {isa = PBXBuildFile; fileRef = 79214BEF211F8C8C001932D1 /* CouponRoomModel.swift */; };
		79214BF2211F8D7E001932D1 /* CouponRoomView.swift in Sources */ = {isa = PBXBuildFile; fileRef = 79214BF1211F8D7E001932D1 /* CouponRoomView.swift */; };
		79214BF4211F8D9C001932D1 /* CouponRoomCollectionView.swift in Sources */ = {isa = PBXBuildFile; fileRef = 79214BF3211F8D9C001932D1 /* CouponRoomCollectionView.swift */; };
		79214BF6211F8DBB001932D1 /* CouponRoomCollectionViewCell.swift in Sources */ = {isa = PBXBuildFile; fileRef = 79214BF5211F8DBB001932D1 /* CouponRoomCollectionViewCell.swift */; };
		79214BF8211F933D001932D1 /* Room.swift in Sources */ = {isa = PBXBuildFile; fileRef = 79214BF7211F933D001932D1 /* Room.swift */; };
		79214BFA211F94A5001932D1 /* CouponRoomInviteViewCell.swift in Sources */ = {isa = PBXBuildFile; fileRef = 79214BF9211F94A5001932D1 /* CouponRoomInviteViewCell.swift */; };
		79214BFC211FB5BA001932D1 /* Category.swift in Sources */ = {isa = PBXBuildFile; fileRef = 79214BFB211FB5BA001932D1 /* Category.swift */; };
		79214BFE211FB5D3001932D1 /* ShopSummary.swift in Sources */ = {isa = PBXBuildFile; fileRef = 79214BFD211FB5D3001932D1 /* ShopSummary.swift */; };
		79214C00211FB61C001932D1 /* Coupon.swift in Sources */ = {isa = PBXBuildFile; fileRef = 79214BFF211FB61C001932D1 /* Coupon.swift */; };
		79214C02211FB65B001932D1 /* MyCoupon.swift in Sources */ = {isa = PBXBuildFile; fileRef = 79214C01211FB65B001932D1 /* MyCoupon.swift */; };
		79214C04211FBF7D001932D1 /* Member.swift in Sources */ = {isa = PBXBuildFile; fileRef = 79214C03211FBF7D001932D1 /* Member.swift */; };
		79214C06212025C8001932D1 /* CouponConfirmationViewController.swift in Sources */ = {isa = PBXBuildFile; fileRef = 79214C05212025C8001932D1 /* CouponConfirmationViewController.swift */; };
		7942142A212BE5A1007AF27D /* Assets.xcassets in Resources */ = {isa = PBXBuildFile; fileRef = 79421429212BE5A1007AF27D /* Assets.xcassets */; };
		795856E42124E4FA00BECEDF /* SignInView.xib in Resources */ = {isa = PBXBuildFile; fileRef = 795856E32124E4FA00BECEDF /* SignInView.xib */; };
		795856E62125337300BECEDF /* CouponListCollectionViewCell.xib in Resources */ = {isa = PBXBuildFile; fileRef = 795856E52125337300BECEDF /* CouponListCollectionViewCell.xib */; };
		795856E821253A5700BECEDF /* CouponRoomCollectionViewCell.xib in Resources */ = {isa = PBXBuildFile; fileRef = 795856E721253A5700BECEDF /* CouponRoomCollectionViewCell.xib */; };
		796A7EC32135112A0016D258 /* MyCouponListCollectionViewCell.xib in Resources */ = {isa = PBXBuildFile; fileRef = 796A7EC22135112A0016D258 /* MyCouponListCollectionViewCell.xib */; };
		797036D52125556800A4AD16 /* ShopListCollectionBanner.swift in Sources */ = {isa = PBXBuildFile; fileRef = 797036D32125556800A4AD16 /* ShopListCollectionBanner.swift */; };
		797036D62125556800A4AD16 /* ShopListCollectionBanner.xib in Resources */ = {isa = PBXBuildFile; fileRef = 797036D42125556800A4AD16 /* ShopListCollectionBanner.xib */; };
		797036D8212557AB00A4AD16 /* Featured.swift in Sources */ = {isa = PBXBuildFile; fileRef = 797036D7212557AB00A4AD16 /* Featured.swift */; };
		797036DA2125A31100A4AD16 /* SignUpView.xib in Resources */ = {isa = PBXBuildFile; fileRef = 797036D92125A31100A4AD16 /* SignUpView.xib */; };
		799042DE211995BB0061DAA1 /* SignUpViewController.swift in Sources */ = {isa = PBXBuildFile; fileRef = 799042DD211995BB0061DAA1 /* SignUpViewController.swift */; };
		799042E0211995EC0061DAA1 /* SignUpView.swift in Sources */ = {isa = PBXBuildFile; fileRef = 799042DF211995EC0061DAA1 /* SignUpView.swift */; };
		799042E22119A1460061DAA1 /* User.swift in Sources */ = {isa = PBXBuildFile; fileRef = 799042E12119A1460061DAA1 /* User.swift */; };
		799042E4211AB6660061DAA1 /* SignUpModel.swift in Sources */ = {isa = PBXBuildFile; fileRef = 799042E3211AB6660061DAA1 /* SignUpModel.swift */; };
		799204E22113042D002BAC48 /* MyMenuViewController.swift in Sources */ = {isa = PBXBuildFile; fileRef = 799204E12113042C002BAC48 /* MyMenuViewController.swift */; };
		799204E421130C43002BAC48 /* ShopDetailView.swift in Sources */ = {isa = PBXBuildFile; fileRef = 799204E321130C43002BAC48 /* ShopDetailView.swift */; };
		799204E621131644002BAC48 /* ShopDetailScrollView.swift in Sources */ = {isa = PBXBuildFile; fileRef = 799204E521131644002BAC48 /* ShopDetailScrollView.swift */; };
		799204E821131722002BAC48 /* ShopDetailDescriptionView.swift in Sources */ = {isa = PBXBuildFile; fileRef = 799204E721131722002BAC48 /* ShopDetailDescriptionView.swift */; };
		799204EA21181AC8002BAC48 /* ShopDetailModel.swift in Sources */ = {isa = PBXBuildFile; fileRef = 799204E921181AC8002BAC48 /* ShopDetailModel.swift */; };
		79DFB6A121204D2D009F031B /* CouponConfirmationModel.swift in Sources */ = {isa = PBXBuildFile; fileRef = 79DFB6A021204D2D009F031B /* CouponConfirmationModel.swift */; };
		79DFB6A321204E96009F031B /* CouponConfirmationView.swift in Sources */ = {isa = PBXBuildFile; fileRef = 79DFB6A221204E96009F031B /* CouponConfirmationView.swift */; };
		79DFB6A5212185A6009F031B /* ShopListCollectionViewCell.xib in Resources */ = {isa = PBXBuildFile; fileRef = 79DFB6A4212185A6009F031B /* ShopListCollectionViewCell.xib */; };
		79DFB6A721226751009F031B /* ShopDetailView.xib in Resources */ = {isa = PBXBuildFile; fileRef = 79DFB6A621226751009F031B /* ShopDetailView.xib */; };
		79DFB6AD21230339009F031B /* ShopDetailDescriptionView.xib in Resources */ = {isa = PBXBuildFile; fileRef = 79DFB6AC21230339009F031B /* ShopDetailDescriptionView.xib */; };
		79DFB6AF21231B90009F031B /* WebViewController.swift in Sources */ = {isa = PBXBuildFile; fileRef = 79DFB6AE21231B90009F031B /* WebViewController.swift */; };
		79DFB6B221231C7B009F031B /* WebView.swift in Sources */ = {isa = PBXBuildFile; fileRef = 79DFB6B121231C7B009F031B /* WebView.swift */; };
		79DFB6B421231CD6009F031B /* WebView.xib in Resources */ = {isa = PBXBuildFile; fileRef = 79DFB6B321231CD6009F031B /* WebView.xib */; };
		79E31E0E213D395300E709EC /* GoogleService-Info.plist in Resources */ = {isa = PBXBuildFile; fileRef = 79E31E0D213D395300E709EC /* GoogleService-Info.plist */; };
		79E31E1121462A7C00E709EC /* TutorialViewController.swift in Sources */ = {isa = PBXBuildFile; fileRef = 79E31E1021462A7C00E709EC /* TutorialViewController.swift */; };
		79E31E142146314A00E709EC /* TutorialPageViewController.swift in Sources */ = {isa = PBXBuildFile; fileRef = 79E31E122146314A00E709EC /* TutorialPageViewController.swift */; };
		79F482B12105B535003B28F5 /* Shop.swift in Sources */ = {isa = PBXBuildFile; fileRef = 79F482B02105B535003B28F5 /* Shop.swift */; };
		869A985E20E725F300BF924F /* ShopListCollectionViewCell.swift in Sources */ = {isa = PBXBuildFile; fileRef = 869A985D20E725F300BF924F /* ShopListCollectionViewCell.swift */; };
		869A986020E731FB00BF924F /* ShopListCollectionModel.swift in Sources */ = {isa = PBXBuildFile; fileRef = 869A985F20E731FB00BF924F /* ShopListCollectionModel.swift */; };
		C16F52F4E26C3847DB93EECD /* Pods_aboon.framework in Frameworks */ = {isa = PBXBuildFile; fileRef = 95D2E58EE895C7FD73F73E24 /* Pods_aboon.framework */; };
		D084FE50CD8DB5999660C5CA /* Pods_aboonTests.framework in Frameworks */ = {isa = PBXBuildFile; fileRef = FABED289BBF482EDDFCBF9B9 /* Pods_aboonTests.framework */; };
		D7A8DE20213D394300A5572F /* CouponRoomView.xib in Resources */ = {isa = PBXBuildFile; fileRef = D7A8DE1F213D394300A5572F /* CouponRoomView.xib */; };
		FE1F69DD20FB64F800CBF60A /* MyCouponListCollectionModel.swift in Sources */ = {isa = PBXBuildFile; fileRef = FE1F69DC20FB64F800CBF60A /* MyCouponListCollectionModel.swift */; };
		FE1F69DF20FB657C00CBF60A /* TestCoupon.swift in Sources */ = {isa = PBXBuildFile; fileRef = FE1F69DE20FB657B00CBF60A /* TestCoupon.swift */; };
		FE9A3AAE210D59A600603F4C /* CouponListViewController.swift in Sources */ = {isa = PBXBuildFile; fileRef = FE9A3AAD210D59A600603F4C /* CouponListViewController.swift */; };
		FE9A3AB0210D5A1800603F4C /* CouponlistView.swift in Sources */ = {isa = PBXBuildFile; fileRef = FE9A3AAF210D5A1800603F4C /* CouponlistView.swift */; };
		FE9A3AB2210D5A9300603F4C /* CouponListCollectionView.swift in Sources */ = {isa = PBXBuildFile; fileRef = FE9A3AB1210D5A9300603F4C /* CouponListCollectionView.swift */; };
		FE9A3AB4210D5AE600603F4C /* CouponListCollectionCell.swift in Sources */ = {isa = PBXBuildFile; fileRef = FE9A3AB3210D5AE600603F4C /* CouponListCollectionCell.swift */; };
		FE9A3AB6210D65EA00603F4C /* CouponListCollectionModel.swift in Sources */ = {isa = PBXBuildFile; fileRef = FE9A3AB5210D65EA00603F4C /* CouponListCollectionModel.swift */; };
		FEA3DA38210302DD007F69B6 /* MyMenuModel.swift in Sources */ = {isa = PBXBuildFile; fileRef = FEA3DA37210302DD007F69B6 /* MyMenuModel.swift */; };
		FEA3DA3C21030832007F69B6 /* MyMenuView.swift in Sources */ = {isa = PBXBuildFile; fileRef = FEA3DA3B21030832007F69B6 /* MyMenuView.swift */; };
		FEA3DA3E21030DB2007F69B6 /* MyMenuTableViewCell.swift in Sources */ = {isa = PBXBuildFile; fileRef = FEA3DA3D21030DB2007F69B6 /* MyMenuTableViewCell.swift */; };
		FEA3DABF21045B9E007F69B6 /* SideMenuNavigationBar.swift in Sources */ = {isa = PBXBuildFile; fileRef = FEA3DABE21045B9E007F69B6 /* SideMenuNavigationBar.swift */; };
/* End PBXBuildFile section */

/* Begin PBXContainerItemProxy section */
		082E9D7220D13A1B00ED6A22 /* PBXContainerItemProxy */ = {
			isa = PBXContainerItemProxy;
			containerPortal = 082E9D5520D13A1A00ED6A22 /* Project object */;
			proxyType = 1;
			remoteGlobalIDString = 082E9D5C20D13A1A00ED6A22;
			remoteInfo = aboon;
		};
		082E9D7D20D13A1B00ED6A22 /* PBXContainerItemProxy */ = {
			isa = PBXContainerItemProxy;
			containerPortal = 082E9D5520D13A1A00ED6A22 /* Project object */;
			proxyType = 1;
			remoteGlobalIDString = 082E9D5C20D13A1A00ED6A22;
			remoteInfo = aboon;
		};
/* End PBXContainerItemProxy section */

/* Begin PBXFileReference section */
		07892BA0F681465FD4AB1CB7 /* Pods-aboonUITests.release.xcconfig */ = {isa = PBXFileReference; includeInIndex = 1; lastKnownFileType = text.xcconfig; name = "Pods-aboonUITests.release.xcconfig"; path = "Pods/Target Support Files/Pods-aboonUITests/Pods-aboonUITests.release.xcconfig"; sourceTree = "<group>"; };
		082E9D5D20D13A1A00ED6A22 /* aboon.app */ = {isa = PBXFileReference; explicitFileType = wrapper.application; includeInIndex = 0; path = aboon.app; sourceTree = BUILT_PRODUCTS_DIR; };
		082E9D6020D13A1A00ED6A22 /* AppDelegate.swift */ = {isa = PBXFileReference; lastKnownFileType = sourcecode.swift; path = AppDelegate.swift; sourceTree = "<group>"; };
		082E9D6A20D13A1B00ED6A22 /* Base */ = {isa = PBXFileReference; lastKnownFileType = file.storyboard; name = Base; path = Base.lproj/LaunchScreen.storyboard; sourceTree = "<group>"; };
		082E9D6C20D13A1B00ED6A22 /* Info.plist */ = {isa = PBXFileReference; lastKnownFileType = text.plist.xml; path = Info.plist; sourceTree = "<group>"; };
		082E9D7120D13A1B00ED6A22 /* aboonTests.xctest */ = {isa = PBXFileReference; explicitFileType = wrapper.cfbundle; includeInIndex = 0; path = aboonTests.xctest; sourceTree = BUILT_PRODUCTS_DIR; };
		082E9D7520D13A1B00ED6A22 /* aboonTests.swift */ = {isa = PBXFileReference; lastKnownFileType = sourcecode.swift; path = aboonTests.swift; sourceTree = "<group>"; };
		082E9D7720D13A1B00ED6A22 /* Info.plist */ = {isa = PBXFileReference; lastKnownFileType = text.plist.xml; path = Info.plist; sourceTree = "<group>"; };
		082E9D7C20D13A1B00ED6A22 /* aboonUITests.xctest */ = {isa = PBXFileReference; explicitFileType = wrapper.cfbundle; includeInIndex = 0; path = aboonUITests.xctest; sourceTree = BUILT_PRODUCTS_DIR; };
		082E9D8020D13A1B00ED6A22 /* aboonUITests.swift */ = {isa = PBXFileReference; lastKnownFileType = sourcecode.swift; path = aboonUITests.swift; sourceTree = "<group>"; };
		082E9D8220D13A1B00ED6A22 /* Info.plist */ = {isa = PBXFileReference; lastKnownFileType = text.plist.xml; path = Info.plist; sourceTree = "<group>"; };
		2B35FBDFE453D9603C5F4A35 /* Pods-aboonUITests.debug.xcconfig */ = {isa = PBXFileReference; includeInIndex = 1; lastKnownFileType = text.xcconfig; name = "Pods-aboonUITests.debug.xcconfig"; path = "Pods/Target Support Files/Pods-aboonUITests/Pods-aboonUITests.debug.xcconfig"; sourceTree = "<group>"; };
		2C04E51220E0AFB500AECC8E /* NavigationController.swift */ = {isa = PBXFileReference; lastKnownFileType = sourcecode.swift; path = NavigationController.swift; sourceTree = "<group>"; };
		2C04E51420E0B5A900AECC8E /* NavigationBar.swift */ = {isa = PBXFileReference; lastKnownFileType = sourcecode.swift; path = NavigationBar.swift; sourceTree = "<group>"; };
		2C0EDC3D20DE108500F0F8E8 /* TabBarController.swift */ = {isa = PBXFileReference; lastKnownFileType = sourcecode.swift; path = TabBarController.swift; sourceTree = "<group>"; };
		2C0EDC4120DE111200F0F8E8 /* CategoryViewController.swift */ = {isa = PBXFileReference; lastKnownFileType = sourcecode.swift; path = CategoryViewController.swift; sourceTree = "<group>"; };
		2C1541BE20E208C8001941ED /* NavigationItem.swift */ = {isa = PBXFileReference; lastKnownFileType = sourcecode.swift; path = NavigationItem.swift; sourceTree = "<group>"; };
		2C1541C020E22AA3001941ED /* CategoryCollectionViewCell.swift */ = {isa = PBXFileReference; lastKnownFileType = sourcecode.swift; path = CategoryCollectionViewCell.swift; sourceTree = "<group>"; };
		2C1541C220E22DAD001941ED /* CategoryCollectionModel.swift */ = {isa = PBXFileReference; lastKnownFileType = sourcecode.swift; path = CategoryCollectionModel.swift; sourceTree = "<group>"; };
		2C1541C420E364BF001941ED /* CategoryCollectionView.swift */ = {isa = PBXFileReference; lastKnownFileType = sourcecode.swift; path = CategoryCollectionView.swift; sourceTree = "<group>"; };
		2C3B1D8120E38F79009115C0 /* ShopListView.swift */ = {isa = PBXFileReference; lastKnownFileType = sourcecode.swift; path = ShopListView.swift; sourceTree = "<group>"; };
		2CA3DA6620E3C23D00D3A9CA /* ShopListCollectionView.swift */ = {isa = PBXFileReference; lastKnownFileType = sourcecode.swift; path = ShopListCollectionView.swift; sourceTree = "<group>"; };
		2CD6214720DF50D300C81DF7 /* MyCouponListViewController.swift */ = {isa = PBXFileReference; lastKnownFileType = sourcecode.swift; path = MyCouponListViewController.swift; sourceTree = "<group>"; };
		2CD6214F20DF529C00C81DF7 /* ShopListViewController.swift */ = {isa = PBXFileReference; lastKnownFileType = sourcecode.swift; path = ShopListViewController.swift; sourceTree = "<group>"; };
		2CD6215120DF52A900C81DF7 /* ShopDetailViewController.swift */ = {isa = PBXFileReference; lastKnownFileType = sourcecode.swift; path = ShopDetailViewController.swift; sourceTree = "<group>"; };
		2CD6215720DF538600C81DF7 /* SignInViewController.swift */ = {isa = PBXFileReference; lastKnownFileType = sourcecode.swift; path = SignInViewController.swift; sourceTree = "<group>"; };
		2CD6216820DF7EE700C81DF7 /* UIColorHex.swift */ = {isa = PBXFileReference; lastKnownFileType = sourcecode.swift; path = UIColorHex.swift; sourceTree = "<group>"; };
		49ADCD8D20E2955400EB1181 /* CategoryView.swift */ = {isa = PBXFileReference; lastKnownFileType = sourcecode.swift; path = CategoryView.swift; sourceTree = "<group>"; };
		5AE6F603202A8DA8EA190F33 /* Pods-aboonTests.debug.xcconfig */ = {isa = PBXFileReference; includeInIndex = 1; lastKnownFileType = text.xcconfig; name = "Pods-aboonTests.debug.xcconfig"; path = "Pods/Target Support Files/Pods-aboonTests/Pods-aboonTests.debug.xcconfig"; sourceTree = "<group>"; };
		7507BE3E20E145A900749F59 /* R.generated.swift */ = {isa = PBXFileReference; fileEncoding = 4; lastKnownFileType = sourcecode.swift; path = R.generated.swift; sourceTree = SOURCE_ROOT; };
		75193E4A20DBB8FA00EF417E /* Debug.swift */ = {isa = PBXFileReference; lastKnownFileType = sourcecode.swift; path = Debug.swift; sourceTree = "<group>"; };
		75FC808A20F228F4007ED73B /* GoogleService-Info-Debug.plist */ = {isa = PBXFileReference; fileEncoding = 4; lastKnownFileType = text.plist.xml; path = "GoogleService-Info-Debug.plist"; sourceTree = "<group>"; };
		7918097E2126C95D0025345C /* CouponConfirmationView.xib */ = {isa = PBXFileReference; lastKnownFileType = file.xib; path = CouponConfirmationView.xib; sourceTree = "<group>"; };
		79180982212874C10025345C /* FirebaseAuthErrorHandling.swift */ = {isa = PBXFileReference; lastKnownFileType = sourcecode.swift; name = FirebaseAuthErrorHandling.swift; path = aboon/Classes/MyPage/View/FirebaseAuthErrorHandling.swift; sourceTree = SOURCE_ROOT; };
		79214BE3211C28E0001932D1 /* SignInView.swift */ = {isa = PBXFileReference; lastKnownFileType = sourcecode.swift; path = SignInView.swift; sourceTree = "<group>"; };
		79214BEB211F3B88001932D1 /* MyCouponListCollectionViewCell.swift */ = {isa = PBXFileReference; lastKnownFileType = sourcecode.swift; path = MyCouponListCollectionViewCell.swift; sourceTree = "<group>"; };
		79214BED211F8C1D001932D1 /* CouponRoomViewController.swift */ = {isa = PBXFileReference; lastKnownFileType = sourcecode.swift; path = CouponRoomViewController.swift; sourceTree = "<group>"; };
		79214BEF211F8C8C001932D1 /* CouponRoomModel.swift */ = {isa = PBXFileReference; lastKnownFileType = sourcecode.swift; path = CouponRoomModel.swift; sourceTree = "<group>"; };
		79214BF1211F8D7E001932D1 /* CouponRoomView.swift */ = {isa = PBXFileReference; lastKnownFileType = sourcecode.swift; path = CouponRoomView.swift; sourceTree = "<group>"; usesTabs = 0; };
		79214BF3211F8D9C001932D1 /* CouponRoomCollectionView.swift */ = {isa = PBXFileReference; lastKnownFileType = sourcecode.swift; path = CouponRoomCollectionView.swift; sourceTree = "<group>"; };
		79214BF5211F8DBB001932D1 /* CouponRoomCollectionViewCell.swift */ = {isa = PBXFileReference; lastKnownFileType = sourcecode.swift; path = CouponRoomCollectionViewCell.swift; sourceTree = "<group>"; };
		79214BF7211F933D001932D1 /* Room.swift */ = {isa = PBXFileReference; lastKnownFileType = sourcecode.swift; path = Room.swift; sourceTree = "<group>"; };
		79214BF9211F94A5001932D1 /* CouponRoomInviteViewCell.swift */ = {isa = PBXFileReference; lastKnownFileType = sourcecode.swift; path = CouponRoomInviteViewCell.swift; sourceTree = "<group>"; };
		79214BFB211FB5BA001932D1 /* Category.swift */ = {isa = PBXFileReference; lastKnownFileType = sourcecode.swift; path = Category.swift; sourceTree = "<group>"; };
		79214BFD211FB5D3001932D1 /* ShopSummary.swift */ = {isa = PBXFileReference; lastKnownFileType = sourcecode.swift; path = ShopSummary.swift; sourceTree = "<group>"; };
		79214BFF211FB61C001932D1 /* Coupon.swift */ = {isa = PBXFileReference; lastKnownFileType = sourcecode.swift; path = Coupon.swift; sourceTree = "<group>"; };
		79214C01211FB65B001932D1 /* MyCoupon.swift */ = {isa = PBXFileReference; lastKnownFileType = sourcecode.swift; path = MyCoupon.swift; sourceTree = "<group>"; };
		79214C03211FBF7D001932D1 /* Member.swift */ = {isa = PBXFileReference; lastKnownFileType = sourcecode.swift; path = Member.swift; sourceTree = "<group>"; };
		79214C05212025C8001932D1 /* CouponConfirmationViewController.swift */ = {isa = PBXFileReference; lastKnownFileType = sourcecode.swift; path = CouponConfirmationViewController.swift; sourceTree = "<group>"; };
		79421429212BE5A1007AF27D /* Assets.xcassets */ = {isa = PBXFileReference; lastKnownFileType = folder.assetcatalog; path = Assets.xcassets; sourceTree = "<group>"; };
		794EF2BC21295D890091ADF1 /* aboon.entitlements */ = {isa = PBXFileReference; lastKnownFileType = text.plist.entitlements; path = aboon.entitlements; sourceTree = "<group>"; };
		794EF2BD212969A20091ADF1 /* ja */ = {isa = PBXFileReference; lastKnownFileType = text.plist.strings; name = ja; path = ja.lproj/LaunchScreen.strings; sourceTree = "<group>"; };
		795856E32124E4FA00BECEDF /* SignInView.xib */ = {isa = PBXFileReference; lastKnownFileType = file.xib; path = SignInView.xib; sourceTree = "<group>"; };
		795856E52125337300BECEDF /* CouponListCollectionViewCell.xib */ = {isa = PBXFileReference; lastKnownFileType = file.xib; path = CouponListCollectionViewCell.xib; sourceTree = "<group>"; };
		795856E721253A5700BECEDF /* CouponRoomCollectionViewCell.xib */ = {isa = PBXFileReference; lastKnownFileType = file.xib; path = CouponRoomCollectionViewCell.xib; sourceTree = "<group>"; };
		796A7EC22135112A0016D258 /* MyCouponListCollectionViewCell.xib */ = {isa = PBXFileReference; lastKnownFileType = file.xib; path = MyCouponListCollectionViewCell.xib; sourceTree = "<group>"; };
		797036D32125556800A4AD16 /* ShopListCollectionBanner.swift */ = {isa = PBXFileReference; lastKnownFileType = sourcecode.swift; path = ShopListCollectionBanner.swift; sourceTree = "<group>"; };
		797036D42125556800A4AD16 /* ShopListCollectionBanner.xib */ = {isa = PBXFileReference; lastKnownFileType = file.xib; path = ShopListCollectionBanner.xib; sourceTree = "<group>"; };
		797036D7212557AB00A4AD16 /* Featured.swift */ = {isa = PBXFileReference; lastKnownFileType = sourcecode.swift; path = Featured.swift; sourceTree = "<group>"; };
		797036D92125A31100A4AD16 /* SignUpView.xib */ = {isa = PBXFileReference; lastKnownFileType = file.xib; path = SignUpView.xib; sourceTree = "<group>"; };
		799042DD211995BB0061DAA1 /* SignUpViewController.swift */ = {isa = PBXFileReference; lastKnownFileType = sourcecode.swift; path = SignUpViewController.swift; sourceTree = "<group>"; };
		799042DF211995EC0061DAA1 /* SignUpView.swift */ = {isa = PBXFileReference; lastKnownFileType = sourcecode.swift; path = SignUpView.swift; sourceTree = "<group>"; };
		799042E12119A1460061DAA1 /* User.swift */ = {isa = PBXFileReference; lastKnownFileType = sourcecode.swift; path = User.swift; sourceTree = "<group>"; };
		799042E3211AB6660061DAA1 /* SignUpModel.swift */ = {isa = PBXFileReference; lastKnownFileType = sourcecode.swift; path = SignUpModel.swift; sourceTree = "<group>"; };
		799204E12113042C002BAC48 /* MyMenuViewController.swift */ = {isa = PBXFileReference; fileEncoding = 4; lastKnownFileType = sourcecode.swift; path = MyMenuViewController.swift; sourceTree = "<group>"; };
		799204E321130C43002BAC48 /* ShopDetailView.swift */ = {isa = PBXFileReference; lastKnownFileType = sourcecode.swift; path = ShopDetailView.swift; sourceTree = "<group>"; };
		799204E521131644002BAC48 /* ShopDetailScrollView.swift */ = {isa = PBXFileReference; lastKnownFileType = sourcecode.swift; path = ShopDetailScrollView.swift; sourceTree = "<group>"; };
		799204E721131722002BAC48 /* ShopDetailDescriptionView.swift */ = {isa = PBXFileReference; lastKnownFileType = sourcecode.swift; path = ShopDetailDescriptionView.swift; sourceTree = "<group>"; };
		799204E921181AC8002BAC48 /* ShopDetailModel.swift */ = {isa = PBXFileReference; lastKnownFileType = sourcecode.swift; path = ShopDetailModel.swift; sourceTree = "<group>"; };
		79DFB6A021204D2D009F031B /* CouponConfirmationModel.swift */ = {isa = PBXFileReference; lastKnownFileType = sourcecode.swift; name = CouponConfirmationModel.swift; path = aboon/Classes/MyCoupon/Controller/CouponConfirmationModel.swift; sourceTree = SOURCE_ROOT; };
		79DFB6A221204E96009F031B /* CouponConfirmationView.swift */ = {isa = PBXFileReference; lastKnownFileType = sourcecode.swift; path = CouponConfirmationView.swift; sourceTree = "<group>"; };
		79DFB6A4212185A6009F031B /* ShopListCollectionViewCell.xib */ = {isa = PBXFileReference; lastKnownFileType = file.xib; path = ShopListCollectionViewCell.xib; sourceTree = "<group>"; };
		79DFB6A621226751009F031B /* ShopDetailView.xib */ = {isa = PBXFileReference; lastKnownFileType = file.xib; path = ShopDetailView.xib; sourceTree = "<group>"; };
		79DFB6AC21230339009F031B /* ShopDetailDescriptionView.xib */ = {isa = PBXFileReference; lastKnownFileType = file.xib; path = ShopDetailDescriptionView.xib; sourceTree = "<group>"; };
		79DFB6AE21231B90009F031B /* WebViewController.swift */ = {isa = PBXFileReference; lastKnownFileType = sourcecode.swift; path = WebViewController.swift; sourceTree = "<group>"; };
		79DFB6B121231C7B009F031B /* WebView.swift */ = {isa = PBXFileReference; lastKnownFileType = sourcecode.swift; path = WebView.swift; sourceTree = "<group>"; };
		79DFB6B321231CD6009F031B /* WebView.xib */ = {isa = PBXFileReference; lastKnownFileType = file.xib; path = WebView.xib; sourceTree = "<group>"; };
		79E31E0D213D395300E709EC /* GoogleService-Info.plist */ = {isa = PBXFileReference; fileEncoding = 4; lastKnownFileType = text.plist.xml; path = "GoogleService-Info.plist"; sourceTree = "<group>"; };
		79E31E1021462A7C00E709EC /* TutorialViewController.swift */ = {isa = PBXFileReference; lastKnownFileType = sourcecode.swift; path = TutorialViewController.swift; sourceTree = "<group>"; };
		79E31E122146314A00E709EC /* TutorialPageViewController.swift */ = {isa = PBXFileReference; lastKnownFileType = sourcecode.swift; path = TutorialPageViewController.swift; sourceTree = "<group>"; };
		79F482B02105B535003B28F5 /* Shop.swift */ = {isa = PBXFileReference; lastKnownFileType = sourcecode.swift; path = Shop.swift; sourceTree = "<group>"; };
		869A985D20E725F300BF924F /* ShopListCollectionViewCell.swift */ = {isa = PBXFileReference; lastKnownFileType = sourcecode.swift; path = ShopListCollectionViewCell.swift; sourceTree = "<group>"; };
		869A985F20E731FB00BF924F /* ShopListCollectionModel.swift */ = {isa = PBXFileReference; lastKnownFileType = sourcecode.swift; path = ShopListCollectionModel.swift; sourceTree = "<group>"; };
		8B1F13BE461DBB15F9848EB4 /* Pods_aboonUITests.framework */ = {isa = PBXFileReference; explicitFileType = wrapper.framework; includeInIndex = 0; path = Pods_aboonUITests.framework; sourceTree = BUILT_PRODUCTS_DIR; };
		95D2E58EE895C7FD73F73E24 /* Pods_aboon.framework */ = {isa = PBXFileReference; explicitFileType = wrapper.framework; includeInIndex = 0; path = Pods_aboon.framework; sourceTree = BUILT_PRODUCTS_DIR; };
		BA40E4C99D656DF5EFD3CD07 /* Pods-aboonTests.release.xcconfig */ = {isa = PBXFileReference; includeInIndex = 1; lastKnownFileType = text.xcconfig; name = "Pods-aboonTests.release.xcconfig"; path = "Pods/Target Support Files/Pods-aboonTests/Pods-aboonTests.release.xcconfig"; sourceTree = "<group>"; };
		C98318E252737C6A37E482FE /* Pods-aboon.release.xcconfig */ = {isa = PBXFileReference; includeInIndex = 1; lastKnownFileType = text.xcconfig; name = "Pods-aboon.release.xcconfig"; path = "Pods/Target Support Files/Pods-aboon/Pods-aboon.release.xcconfig"; sourceTree = "<group>"; };
		C9F010AEA949126B9A4B3709 /* Pods-aboon.debug.xcconfig */ = {isa = PBXFileReference; includeInIndex = 1; lastKnownFileType = text.xcconfig; name = "Pods-aboon.debug.xcconfig"; path = "Pods/Target Support Files/Pods-aboon/Pods-aboon.debug.xcconfig"; sourceTree = "<group>"; };
		D7A8DE1F213D394300A5572F /* CouponRoomView.xib */ = {isa = PBXFileReference; fileEncoding = 4; lastKnownFileType = file.xib; path = CouponRoomView.xib; sourceTree = "<group>"; };
		FABED289BBF482EDDFCBF9B9 /* Pods_aboonTests.framework */ = {isa = PBXFileReference; explicitFileType = wrapper.framework; includeInIndex = 0; path = Pods_aboonTests.framework; sourceTree = BUILT_PRODUCTS_DIR; };
		FE1F69DC20FB64F800CBF60A /* MyCouponListCollectionModel.swift */ = {isa = PBXFileReference; lastKnownFileType = sourcecode.swift; path = MyCouponListCollectionModel.swift; sourceTree = "<group>"; };
		FE1F69DE20FB657B00CBF60A /* TestCoupon.swift */ = {isa = PBXFileReference; lastKnownFileType = sourcecode.swift; path = TestCoupon.swift; sourceTree = "<group>"; };
		FE9A3AAD210D59A600603F4C /* CouponListViewController.swift */ = {isa = PBXFileReference; lastKnownFileType = sourcecode.swift; path = CouponListViewController.swift; sourceTree = "<group>"; };
		FE9A3AAF210D5A1800603F4C /* CouponlistView.swift */ = {isa = PBXFileReference; lastKnownFileType = sourcecode.swift; path = CouponlistView.swift; sourceTree = "<group>"; };
		FE9A3AB1210D5A9300603F4C /* CouponListCollectionView.swift */ = {isa = PBXFileReference; lastKnownFileType = sourcecode.swift; path = CouponListCollectionView.swift; sourceTree = "<group>"; };
		FE9A3AB3210D5AE600603F4C /* CouponListCollectionCell.swift */ = {isa = PBXFileReference; lastKnownFileType = sourcecode.swift; path = CouponListCollectionCell.swift; sourceTree = "<group>"; };
		FE9A3AB5210D65EA00603F4C /* CouponListCollectionModel.swift */ = {isa = PBXFileReference; lastKnownFileType = sourcecode.swift; path = CouponListCollectionModel.swift; sourceTree = "<group>"; };
		FEA3DA37210302DD007F69B6 /* MyMenuModel.swift */ = {isa = PBXFileReference; lastKnownFileType = sourcecode.swift; path = MyMenuModel.swift; sourceTree = "<group>"; };
		FEA3DA3B21030832007F69B6 /* MyMenuView.swift */ = {isa = PBXFileReference; lastKnownFileType = sourcecode.swift; name = MyMenuView.swift; path = aboon/Classes/MyPage/View/MyMenuView.swift; sourceTree = SOURCE_ROOT; };
		FEA3DA3D21030DB2007F69B6 /* MyMenuTableViewCell.swift */ = {isa = PBXFileReference; lastKnownFileType = sourcecode.swift; name = MyMenuTableViewCell.swift; path = aboon/Classes/MyPage/View/MyMenuTableViewCell.swift; sourceTree = SOURCE_ROOT; };
		FEA3DABE21045B9E007F69B6 /* SideMenuNavigationBar.swift */ = {isa = PBXFileReference; lastKnownFileType = sourcecode.swift; path = SideMenuNavigationBar.swift; sourceTree = "<group>"; };
/* End PBXFileReference section */

/* Begin PBXFrameworksBuildPhase section */
		082E9D5A20D13A1A00ED6A22 /* Frameworks */ = {
			isa = PBXFrameworksBuildPhase;
			buildActionMask = 2147483647;
			files = (
				C16F52F4E26C3847DB93EECD /* Pods_aboon.framework in Frameworks */,
			);
			runOnlyForDeploymentPostprocessing = 0;
		};
		082E9D6E20D13A1B00ED6A22 /* Frameworks */ = {
			isa = PBXFrameworksBuildPhase;
			buildActionMask = 2147483647;
			files = (
				D084FE50CD8DB5999660C5CA /* Pods_aboonTests.framework in Frameworks */,
			);
			runOnlyForDeploymentPostprocessing = 0;
		};
		082E9D7920D13A1B00ED6A22 /* Frameworks */ = {
			isa = PBXFrameworksBuildPhase;
			buildActionMask = 2147483647;
			files = (
				58A6E4C53D9E28E05B837769 /* Pods_aboonUITests.framework in Frameworks */,
			);
			runOnlyForDeploymentPostprocessing = 0;
		};
/* End PBXFrameworksBuildPhase section */

/* Begin PBXGroup section */
		082E9D5420D13A1A00ED6A22 = {
			isa = PBXGroup;
			children = (
				082E9D5F20D13A1A00ED6A22 /* aboon */,
				082E9D7420D13A1B00ED6A22 /* aboonTests */,
				082E9D7F20D13A1B00ED6A22 /* aboonUITests */,
				082E9D5E20D13A1A00ED6A22 /* Products */,
				2D0EE62CDDB1724EED6A5AAF /* Pods */,
				86D7F2D23514E05DD8DC2A1C /* Frameworks */,
			);
			sourceTree = "<group>";
		};
		082E9D5E20D13A1A00ED6A22 /* Products */ = {
			isa = PBXGroup;
			children = (
				082E9D5D20D13A1A00ED6A22 /* aboon.app */,
				082E9D7120D13A1B00ED6A22 /* aboonTests.xctest */,
				082E9D7C20D13A1B00ED6A22 /* aboonUITests.xctest */,
			);
			name = Products;
			sourceTree = "<group>";
		};
		082E9D5F20D13A1A00ED6A22 /* aboon */ = {
			isa = PBXGroup;
			children = (
				794EF2BC21295D890091ADF1 /* aboon.entitlements */,
				7507BE3E20E145A900749F59 /* R.generated.swift */,
				75FC808C20F22A92007ED73B /* Classes */,
				75FC808E20F22B10007ED73B /* Models */,
				75FC809220F22BD7007ED73B /* Utilities */,
				75FC808920F228F4007ED73B /* Configurations */,
				082E9D6020D13A1A00ED6A22 /* AppDelegate.swift */,
				082E9D6920D13A1B00ED6A22 /* LaunchScreen.storyboard */,
				082E9D6C20D13A1B00ED6A22 /* Info.plist */,
				79421429212BE5A1007AF27D /* Assets.xcassets */,
			);
			path = aboon;
			sourceTree = "<group>";
		};
		082E9D7420D13A1B00ED6A22 /* aboonTests */ = {
			isa = PBXGroup;
			children = (
				082E9D7520D13A1B00ED6A22 /* aboonTests.swift */,
				082E9D7720D13A1B00ED6A22 /* Info.plist */,
			);
			path = aboonTests;
			sourceTree = "<group>";
		};
		082E9D7F20D13A1B00ED6A22 /* aboonUITests */ = {
			isa = PBXGroup;
			children = (
				082E9D8020D13A1B00ED6A22 /* aboonUITests.swift */,
				082E9D8220D13A1B00ED6A22 /* Info.plist */,
			);
			path = aboonUITests;
			sourceTree = "<group>";
		};
		2C0EDC3920DE0FAC00F0F8E8 /* NavigationTabBar */ = {
			isa = PBXGroup;
			children = (
				2C0EDC3C20DE0FED00F0F8E8 /* Controller */,
				2C0EDC3B20DE0FE300F0F8E8 /* View */,
			);
			path = NavigationTabBar;
			sourceTree = "<group>";
		};
		2C0EDC3B20DE0FE300F0F8E8 /* View */ = {
			isa = PBXGroup;
			children = (
				2C04E51420E0B5A900AECC8E /* NavigationBar.swift */,
				2C1541BE20E208C8001941ED /* NavigationItem.swift */,
				FEA3DABE21045B9E007F69B6 /* SideMenuNavigationBar.swift */,
			);
			path = View;
			sourceTree = "<group>";
		};
		2C0EDC3C20DE0FED00F0F8E8 /* Controller */ = {
			isa = PBXGroup;
			children = (
				2C0EDC3D20DE108500F0F8E8 /* TabBarController.swift */,
				2C04E51220E0AFB500AECC8E /* NavigationController.swift */,
			);
			path = Controller;
			sourceTree = "<group>";
		};
		2C0EDC4520DE1DFD00F0F8E8 /* Category */ = {
			isa = PBXGroup;
			children = (
				2C0EDC4920DE1E4C00F0F8E8 /* Controller */,
				2C0EDC4820DE1E4600F0F8E8 /* View */,
				754707C520FCAE02000635E8 /* Model */,
			);
			path = Category;
			sourceTree = "<group>";
		};
		2C0EDC4620DE1E0700F0F8E8 /* MyCoupon */ = {
			isa = PBXGroup;
			children = (
				2C0EDC4C20DE1E5E00F0F8E8 /* Controller */,
				2C0EDC4B20DE1E5A00F0F8E8 /* View */,
				754707C620FCAE1C000635E8 /* Model */,
			);
			path = MyCoupon;
			sourceTree = "<group>";
		};
		2C0EDC4820DE1E4600F0F8E8 /* View */ = {
			isa = PBXGroup;
			children = (
				49ADCD8D20E2955400EB1181 /* CategoryView.swift */,
				2C1541C420E364BF001941ED /* CategoryCollectionView.swift */,
				2C1541C020E22AA3001941ED /* CategoryCollectionViewCell.swift */,
			);
			path = View;
			sourceTree = "<group>";
		};
		2C0EDC4920DE1E4C00F0F8E8 /* Controller */ = {
			isa = PBXGroup;
			children = (
				2C0EDC4120DE111200F0F8E8 /* CategoryViewController.swift */,
			);
			path = Controller;
			sourceTree = "<group>";
		};
		2C0EDC4B20DE1E5A00F0F8E8 /* View */ = {
			isa = PBXGroup;
			children = (
				79214BEB211F3B88001932D1 /* MyCouponListCollectionViewCell.swift */,
				796A7EC22135112A0016D258 /* MyCouponListCollectionViewCell.xib */,
				79214BF1211F8D7E001932D1 /* CouponRoomView.swift */,
				D7A8DE1F213D394300A5572F /* CouponRoomView.xib */,
				79214BF3211F8D9C001932D1 /* CouponRoomCollectionView.swift */,
				79214BF5211F8DBB001932D1 /* CouponRoomCollectionViewCell.swift */,
				795856E721253A5700BECEDF /* CouponRoomCollectionViewCell.xib */,
				79214BF9211F94A5001932D1 /* CouponRoomInviteViewCell.swift */,
				79DFB6A221204E96009F031B /* CouponConfirmationView.swift */,
				7918097E2126C95D0025345C /* CouponConfirmationView.xib */,
			);
			path = View;
			sourceTree = "<group>";
		};
		2C0EDC4C20DE1E5E00F0F8E8 /* Controller */ = {
			isa = PBXGroup;
			children = (
				2CD6214720DF50D300C81DF7 /* MyCouponListViewController.swift */,
				79214BED211F8C1D001932D1 /* CouponRoomViewController.swift */,
				79214C05212025C8001932D1 /* CouponConfirmationViewController.swift */,
			);
			path = Controller;
			sourceTree = "<group>";
		};
		2CD6215320DF533B00C81DF7 /* MyPage */ = {
			isa = PBXGroup;
			children = (
				2CD6215620DF536A00C81DF7 /* Controller */,
				2CD6215520DF536400C81DF7 /* View */,
				FEA3DA342102F9C0007F69B6 /* Model */,
			);
			path = MyPage;
			sourceTree = "<group>";
		};
		2CD6215520DF536400C81DF7 /* View */ = {
			isa = PBXGroup;
			children = (
				FEA3DA3B21030832007F69B6 /* MyMenuView.swift */,
				FEA3DA3D21030DB2007F69B6 /* MyMenuTableViewCell.swift */,
				79214BE3211C28E0001932D1 /* SignInView.swift */,
				795856E32124E4FA00BECEDF /* SignInView.xib */,
				799042DF211995EC0061DAA1 /* SignUpView.swift */,
				797036D92125A31100A4AD16 /* SignUpView.xib */,
			);
			path = View;
			sourceTree = "<group>";
		};
		2CD6215620DF536A00C81DF7 /* Controller */ = {
			isa = PBXGroup;
			children = (
				799204E12113042C002BAC48 /* MyMenuViewController.swift */,
				2CD6215720DF538600C81DF7 /* SignInViewController.swift */,
				799042DD211995BB0061DAA1 /* SignUpViewController.swift */,
			);
			path = Controller;
			sourceTree = "<group>";
		};
		2D0EE62CDDB1724EED6A5AAF /* Pods */ = {
			isa = PBXGroup;
			children = (
				C9F010AEA949126B9A4B3709 /* Pods-aboon.debug.xcconfig */,
				C98318E252737C6A37E482FE /* Pods-aboon.release.xcconfig */,
				5AE6F603202A8DA8EA190F33 /* Pods-aboonTests.debug.xcconfig */,
				BA40E4C99D656DF5EFD3CD07 /* Pods-aboonTests.release.xcconfig */,
				2B35FBDFE453D9603C5F4A35 /* Pods-aboonUITests.debug.xcconfig */,
				07892BA0F681465FD4AB1CB7 /* Pods-aboonUITests.release.xcconfig */,
			);
			name = Pods;
			sourceTree = "<group>";
		};
		754707C520FCAE02000635E8 /* Model */ = {
			isa = PBXGroup;
			children = (
				2C1541C220E22DAD001941ED /* CategoryCollectionModel.swift */,
			);
			path = Model;
			sourceTree = "<group>";
		};
		754707C620FCAE1C000635E8 /* Model */ = {
			isa = PBXGroup;
			children = (
				FE1F69DC20FB64F800CBF60A /* MyCouponListCollectionModel.swift */,
				79214BEF211F8C8C001932D1 /* CouponRoomModel.swift */,
				79DFB6A021204D2D009F031B /* CouponConfirmationModel.swift */,
			);
			path = Model;
			sourceTree = "<group>";
		};
		75FC808920F228F4007ED73B /* Configurations */ = {
			isa = PBXGroup;
			children = (
				75FC808A20F228F4007ED73B /* GoogleService-Info-Debug.plist */,
				79E31E0D213D395300E709EC /* GoogleService-Info.plist */,
			);
			path = Configurations;
			sourceTree = "<group>";
		};
		75FC808C20F22A92007ED73B /* Classes */ = {
			isa = PBXGroup;
			children = (
				2C0EDC4520DE1DFD00F0F8E8 /* Category */,
				799204DD210F1E47002BAC48 /* Shop */,
				FE9A3AA9210D593E00603F4C /* Coupon */,
				2C0EDC4620DE1E0700F0F8E8 /* MyCoupon */,
				2CD6215320DF533B00C81DF7 /* MyPage */,
				2C0EDC3920DE0FAC00F0F8E8 /* NavigationTabBar */,
				79E31E0F2146279200E709EC /* Tutorial */,
				79DFB6B021231C33009F031B /* WebView */,
				75FC809320F22C6E007ED73B /* Login */,
				75FC809520F22CA3007ED73B /* Error */,
				75FC809F20F22DBE007ED73B /* Setting */,
			);
			path = Classes;
			sourceTree = "<group>";
		};
		75FC808E20F22B10007ED73B /* Models */ = {
			isa = PBXGroup;
			children = (
				FE1F69DE20FB657B00CBF60A /* TestCoupon.swift */,
				79F482B02105B535003B28F5 /* Shop.swift */,
				79214BFD211FB5D3001932D1 /* ShopSummary.swift */,
				79214BF7211F933D001932D1 /* Room.swift */,
				799042E12119A1460061DAA1 /* User.swift */,
				79214C03211FBF7D001932D1 /* Member.swift */,
				79214BFB211FB5BA001932D1 /* Category.swift */,
				79214BFF211FB61C001932D1 /* Coupon.swift */,
				79214C01211FB65B001932D1 /* MyCoupon.swift */,
				797036D7212557AB00A4AD16 /* Featured.swift */,
			);
			path = Models;
			sourceTree = "<group>";
		};
		75FC809220F22BD7007ED73B /* Utilities */ = {
			isa = PBXGroup;
			children = (
				75193E4A20DBB8FA00EF417E /* Debug.swift */,
				2CD6216820DF7EE700C81DF7 /* UIColorHex.swift */,
			);
			path = Utilities;
			sourceTree = "<group>";
		};
		75FC809320F22C6E007ED73B /* Login */ = {
			isa = PBXGroup;
			children = (
				75FC809720F22D5A007ED73B /* Controller */,
				75FC809820F22D61007ED73B /* View */,
			);
			path = Login;
			sourceTree = "<group>";
		};
		75FC809520F22CA3007ED73B /* Error */ = {
			isa = PBXGroup;
			children = (
				79180982212874C10025345C /* FirebaseAuthErrorHandling.swift */,
			);
			path = Error;
			sourceTree = "<group>";
		};
		75FC809720F22D5A007ED73B /* Controller */ = {
			isa = PBXGroup;
			children = (
			);
			path = Controller;
			sourceTree = "<group>";
		};
		75FC809820F22D61007ED73B /* View */ = {
			isa = PBXGroup;
			children = (
			);
			path = View;
			sourceTree = "<group>";
		};
		75FC809F20F22DBE007ED73B /* Setting */ = {
			isa = PBXGroup;
			children = (
				75FC80A120F22DCA007ED73B /* Controller */,
				75FC80A020F22DC6007ED73B /* View */,
			);
			path = Setting;
			sourceTree = "<group>";
		};
		75FC80A020F22DC6007ED73B /* View */ = {
			isa = PBXGroup;
			children = (
			);
			path = View;
			sourceTree = "<group>";
		};
		75FC80A120F22DCA007ED73B /* Controller */ = {
			isa = PBXGroup;
			children = (
			);
			path = Controller;
			sourceTree = "<group>";
		};
		797036D1212554D800A4AD16 /* ShopList */ = {
			isa = PBXGroup;
			children = (
				2C3B1D8120E38F79009115C0 /* ShopListView.swift */,
				2CA3DA6620E3C23D00D3A9CA /* ShopListCollectionView.swift */,
				797036D32125556800A4AD16 /* ShopListCollectionBanner.swift */,
				797036D42125556800A4AD16 /* ShopListCollectionBanner.xib */,
				869A985D20E725F300BF924F /* ShopListCollectionViewCell.swift */,
				79DFB6A4212185A6009F031B /* ShopListCollectionViewCell.xib */,
			);
			path = ShopList;
			sourceTree = "<group>";
		};
		797036D2212554E400A4AD16 /* ShopDetail */ = {
			isa = PBXGroup;
			children = (
				799204E321130C43002BAC48 /* ShopDetailView.swift */,
				79DFB6A621226751009F031B /* ShopDetailView.xib */,
				799204E521131644002BAC48 /* ShopDetailScrollView.swift */,
				799204E721131722002BAC48 /* ShopDetailDescriptionView.swift */,
				79DFB6AC21230339009F031B /* ShopDetailDescriptionView.xib */,
			);
			path = ShopDetail;
			sourceTree = "<group>";
		};
		799204DD210F1E47002BAC48 /* Shop */ = {
			isa = PBXGroup;
			children = (
				799204E0210F1E86002BAC48 /* Controller */,
				799204DF210F1E7E002BAC48 /* View */,
				799204DE210F1E74002BAC48 /* Model */,
			);
			path = Shop;
			sourceTree = "<group>";
		};
		799204DE210F1E74002BAC48 /* Model */ = {
			isa = PBXGroup;
			children = (
				869A985F20E731FB00BF924F /* ShopListCollectionModel.swift */,
				799204E921181AC8002BAC48 /* ShopDetailModel.swift */,
			);
			path = Model;
			sourceTree = "<group>";
		};
		799204DF210F1E7E002BAC48 /* View */ = {
			isa = PBXGroup;
			children = (
				797036D1212554D800A4AD16 /* ShopList */,
				797036D2212554E400A4AD16 /* ShopDetail */,
			);
			path = View;
			sourceTree = "<group>";
		};
		799204E0210F1E86002BAC48 /* Controller */ = {
			isa = PBXGroup;
			children = (
				2CD6214F20DF529C00C81DF7 /* ShopListViewController.swift */,
				2CD6215120DF52A900C81DF7 /* ShopDetailViewController.swift */,
			);
			path = Controller;
			sourceTree = "<group>";
		};
		79DFB6B021231C33009F031B /* WebView */ = {
			isa = PBXGroup;
			children = (
				79DFB6AE21231B90009F031B /* WebViewController.swift */,
				79DFB6B121231C7B009F031B /* WebView.swift */,
				79DFB6B321231CD6009F031B /* WebView.xib */,
			);
			path = WebView;
			sourceTree = "<group>";
		};
		79E31E0F2146279200E709EC /* Tutorial */ = {
			isa = PBXGroup;
			children = (
				79E31E1021462A7C00E709EC /* TutorialViewController.swift */,
				79E31E122146314A00E709EC /* TutorialPageViewController.swift */,
			);
			path = Tutorial;
			sourceTree = "<group>";
		};
		86D7F2D23514E05DD8DC2A1C /* Frameworks */ = {
			isa = PBXGroup;
			children = (
				95D2E58EE895C7FD73F73E24 /* Pods_aboon.framework */,
				FABED289BBF482EDDFCBF9B9 /* Pods_aboonTests.framework */,
				8B1F13BE461DBB15F9848EB4 /* Pods_aboonUITests.framework */,
			);
			name = Frameworks;
			sourceTree = "<group>";
		};
		FE9A3AA9210D593E00603F4C /* Coupon */ = {
			isa = PBXGroup;
			children = (
				FE9A3AAC210D595A00603F4C /* Controller */,
				FE9A3AAA210D594F00603F4C /* View */,
				FE9A3AAB210D595500603F4C /* Model */,
			);
			name = Coupon;
			path = new_Coupon;
			sourceTree = "<group>";
		};
		FE9A3AAA210D594F00603F4C /* View */ = {
			isa = PBXGroup;
			children = (
				FE9A3AAF210D5A1800603F4C /* CouponlistView.swift */,
				FE9A3AB1210D5A9300603F4C /* CouponListCollectionView.swift */,
				FE9A3AB3210D5AE600603F4C /* CouponListCollectionCell.swift */,
				795856E52125337300BECEDF /* CouponListCollectionViewCell.xib */,
			);
			path = View;
			sourceTree = "<group>";
		};
		FE9A3AAB210D595500603F4C /* Model */ = {
			isa = PBXGroup;
			children = (
				FE9A3AB5210D65EA00603F4C /* CouponListCollectionModel.swift */,
			);
			path = Model;
			sourceTree = "<group>";
		};
		FE9A3AAC210D595A00603F4C /* Controller */ = {
			isa = PBXGroup;
			children = (
				FE9A3AAD210D59A600603F4C /* CouponListViewController.swift */,
			);
			path = Controller;
			sourceTree = "<group>";
		};
		FEA3DA342102F9C0007F69B6 /* Model */ = {
			isa = PBXGroup;
			children = (
				FEA3DA37210302DD007F69B6 /* MyMenuModel.swift */,
				799042E3211AB6660061DAA1 /* SignUpModel.swift */,
			);
			path = Model;
			sourceTree = "<group>";
		};
/* End PBXGroup section */

/* Begin PBXNativeTarget section */
		082E9D5C20D13A1A00ED6A22 /* aboon */ = {
			isa = PBXNativeTarget;
			buildConfigurationList = 082E9D8520D13A1B00ED6A22 /* Build configuration list for PBXNativeTarget "aboon" */;
			buildPhases = (
				E4EB52F8FBD41EB2F1D6F94B /* [CP] Check Pods Manifest.lock */,
				7507BE3D20E1445F00749F59 /* ShellScript */,
				082E9D5920D13A1A00ED6A22 /* Sources */,
				082E9D5A20D13A1A00ED6A22 /* Frameworks */,
				082E9D5B20D13A1A00ED6A22 /* Resources */,
				28BB4B6E5D49E468C0396E86 /* [CP] Embed Pods Frameworks */,
			);
			buildRules = (
			);
			dependencies = (
			);
			name = aboon;
			productName = aboon;
			productReference = 082E9D5D20D13A1A00ED6A22 /* aboon.app */;
			productType = "com.apple.product-type.application";
		};
		082E9D7020D13A1B00ED6A22 /* aboonTests */ = {
			isa = PBXNativeTarget;
			buildConfigurationList = 082E9D8820D13A1B00ED6A22 /* Build configuration list for PBXNativeTarget "aboonTests" */;
			buildPhases = (
				6ECD2990DB2BEFEFF3EE63FA /* [CP] Check Pods Manifest.lock */,
				082E9D6D20D13A1B00ED6A22 /* Sources */,
				082E9D6E20D13A1B00ED6A22 /* Frameworks */,
				082E9D6F20D13A1B00ED6A22 /* Resources */,
			);
			buildRules = (
			);
			dependencies = (
				082E9D7320D13A1B00ED6A22 /* PBXTargetDependency */,
			);
			name = aboonTests;
			productName = aboonTests;
			productReference = 082E9D7120D13A1B00ED6A22 /* aboonTests.xctest */;
			productType = "com.apple.product-type.bundle.unit-test";
		};
		082E9D7B20D13A1B00ED6A22 /* aboonUITests */ = {
			isa = PBXNativeTarget;
			buildConfigurationList = 082E9D8B20D13A1B00ED6A22 /* Build configuration list for PBXNativeTarget "aboonUITests" */;
			buildPhases = (
				B09CAD0DBED9DA00B088E997 /* [CP] Check Pods Manifest.lock */,
				082E9D7820D13A1B00ED6A22 /* Sources */,
				082E9D7920D13A1B00ED6A22 /* Frameworks */,
				082E9D7A20D13A1B00ED6A22 /* Resources */,
			);
			buildRules = (
			);
			dependencies = (
				082E9D7E20D13A1B00ED6A22 /* PBXTargetDependency */,
			);
			name = aboonUITests;
			productName = aboonUITests;
			productReference = 082E9D7C20D13A1B00ED6A22 /* aboonUITests.xctest */;
			productType = "com.apple.product-type.bundle.ui-testing";
		};
/* End PBXNativeTarget section */

/* Begin PBXProject section */
		082E9D5520D13A1A00ED6A22 /* Project object */ = {
			isa = PBXProject;
			attributes = {
				LastSwiftUpdateCheck = 0920;
				LastUpgradeCheck = 0940;
				ORGANIZATIONNAME = aboon;
				TargetAttributes = {
					082E9D5C20D13A1A00ED6A22 = {
						CreatedOnToolsVersion = 9.2;
						ProvisioningStyle = Automatic;
						SystemCapabilities = {
							com.apple.SafariKeychain = {
								enabled = 1;
							};
						};
					};
					082E9D7020D13A1B00ED6A22 = {
						CreatedOnToolsVersion = 9.2;
						ProvisioningStyle = Automatic;
						TestTargetID = 082E9D5C20D13A1A00ED6A22;
					};
					082E9D7B20D13A1B00ED6A22 = {
						CreatedOnToolsVersion = 9.2;
						ProvisioningStyle = Automatic;
						TestTargetID = 082E9D5C20D13A1A00ED6A22;
					};
				};
			};
			buildConfigurationList = 082E9D5820D13A1A00ED6A22 /* Build configuration list for PBXProject "aboon" */;
			compatibilityVersion = "Xcode 8.0";
			developmentRegion = en;
			hasScannedForEncodings = 0;
			knownRegions = (
				en,
				Base,
			);
			mainGroup = 082E9D5420D13A1A00ED6A22;
			productRefGroup = 082E9D5E20D13A1A00ED6A22 /* Products */;
			projectDirPath = "";
			projectRoot = "";
			targets = (
				082E9D5C20D13A1A00ED6A22 /* aboon */,
				082E9D7020D13A1B00ED6A22 /* aboonTests */,
				082E9D7B20D13A1B00ED6A22 /* aboonUITests */,
			);
		};
/* End PBXProject section */

/* Begin PBXResourcesBuildPhase section */
		082E9D5B20D13A1A00ED6A22 /* Resources */ = {
			isa = PBXResourcesBuildPhase;
			buildActionMask = 2147483647;
			files = (
				082E9D6B20D13A1B00ED6A22 /* LaunchScreen.storyboard in Resources */,
				797036D62125556800A4AD16 /* ShopListCollectionBanner.xib in Resources */,
				79DFB6A721226751009F031B /* ShopDetailView.xib in Resources */,
				79DFB6AD21230339009F031B /* ShopDetailDescriptionView.xib in Resources */,
				75FC808B20F228F4007ED73B /* GoogleService-Info-Debug.plist in Resources */,
				797036DA2125A31100A4AD16 /* SignUpView.xib in Resources */,
				7918097F2126C95D0025345C /* CouponConfirmationView.xib in Resources */,
				795856E42124E4FA00BECEDF /* SignInView.xib in Resources */,
				795856E821253A5700BECEDF /* CouponRoomCollectionViewCell.xib in Resources */,
				79E31E0E213D395300E709EC /* GoogleService-Info.plist in Resources */,
				79DFB6A5212185A6009F031B /* ShopListCollectionViewCell.xib in Resources */,
				79DFB6B421231CD6009F031B /* WebView.xib in Resources */,
				795856E62125337300BECEDF /* CouponListCollectionViewCell.xib in Resources */,
				796A7EC32135112A0016D258 /* MyCouponListCollectionViewCell.xib in Resources */,
				7942142A212BE5A1007AF27D /* Assets.xcassets in Resources */,
				D7A8DE20213D394300A5572F /* CouponRoomView.xib in Resources */,
			);
			runOnlyForDeploymentPostprocessing = 0;
		};
		082E9D6F20D13A1B00ED6A22 /* Resources */ = {
			isa = PBXResourcesBuildPhase;
			buildActionMask = 2147483647;
			files = (
			);
			runOnlyForDeploymentPostprocessing = 0;
		};
		082E9D7A20D13A1B00ED6A22 /* Resources */ = {
			isa = PBXResourcesBuildPhase;
			buildActionMask = 2147483647;
			files = (
			);
			runOnlyForDeploymentPostprocessing = 0;
		};
/* End PBXResourcesBuildPhase section */

/* Begin PBXShellScriptBuildPhase section */
		28BB4B6E5D49E468C0396E86 /* [CP] Embed Pods Frameworks */ = {
			isa = PBXShellScriptBuildPhase;
			buildActionMask = 2147483647;
			files = (
			);
			inputPaths = (
				"${SRCROOT}/Pods/Target Support Files/Pods-aboon/Pods-aboon-frameworks.sh",
				"${BUILT_PRODUCTS_DIR}/Alamofire/Alamofire.framework",
				"${BUILT_PRODUCTS_DIR}/Alamofire-SwiftyJSON/Alamofire_SwiftyJSON.framework",
				"${BUILT_PRODUCTS_DIR}/BoringSSL/openssl.framework",
				"${BUILT_PRODUCTS_DIR}/Differentiator/Differentiator.framework",
				"${BUILT_PRODUCTS_DIR}/GTMSessionFetcher/GTMSessionFetcher.framework",
				"${BUILT_PRODUCTS_DIR}/GoogleToolboxForMac/GoogleToolboxForMac.framework",
				"${BUILT_PRODUCTS_DIR}/Kingfisher/Kingfisher.framework",
				"${BUILT_PRODUCTS_DIR}/Protobuf/Protobuf.framework",
				"${BUILT_PRODUCTS_DIR}/R.swift.Library/Rswift.framework",
				"${BUILT_PRODUCTS_DIR}/RxCocoa/RxCocoa.framework",
				"${BUILT_PRODUCTS_DIR}/RxDataSources/RxDataSources.framework",
				"${BUILT_PRODUCTS_DIR}/RxSwift/RxSwift.framework",
				"${BUILT_PRODUCTS_DIR}/SideMenu/SideMenu.framework",
				"${BUILT_PRODUCTS_DIR}/SnapKit/SnapKit.framework",
				"${BUILT_PRODUCTS_DIR}/SwiftyJSON/SwiftyJSON.framework",
				"${BUILT_PRODUCTS_DIR}/XLPagerTabStrip/XLPagerTabStrip.framework",
				"${BUILT_PRODUCTS_DIR}/gRPC/GRPCClient.framework",
				"${BUILT_PRODUCTS_DIR}/gRPC-Core/grpc.framework",
				"${BUILT_PRODUCTS_DIR}/gRPC-ProtoRPC/ProtoRPC.framework",
				"${BUILT_PRODUCTS_DIR}/gRPC-RxLibrary/RxLibrary.framework",
				"${BUILT_PRODUCTS_DIR}/leveldb-library/leveldb.framework",
				"${BUILT_PRODUCTS_DIR}/nanopb/nanopb.framework",
			);
			name = "[CP] Embed Pods Frameworks";
			outputPaths = (
				"${TARGET_BUILD_DIR}/${FRAMEWORKS_FOLDER_PATH}/Alamofire.framework",
				"${TARGET_BUILD_DIR}/${FRAMEWORKS_FOLDER_PATH}/Alamofire_SwiftyJSON.framework",
				"${TARGET_BUILD_DIR}/${FRAMEWORKS_FOLDER_PATH}/openssl.framework",
				"${TARGET_BUILD_DIR}/${FRAMEWORKS_FOLDER_PATH}/Differentiator.framework",
				"${TARGET_BUILD_DIR}/${FRAMEWORKS_FOLDER_PATH}/GTMSessionFetcher.framework",
				"${TARGET_BUILD_DIR}/${FRAMEWORKS_FOLDER_PATH}/GoogleToolboxForMac.framework",
				"${TARGET_BUILD_DIR}/${FRAMEWORKS_FOLDER_PATH}/Kingfisher.framework",
				"${TARGET_BUILD_DIR}/${FRAMEWORKS_FOLDER_PATH}/Protobuf.framework",
				"${TARGET_BUILD_DIR}/${FRAMEWORKS_FOLDER_PATH}/Rswift.framework",
				"${TARGET_BUILD_DIR}/${FRAMEWORKS_FOLDER_PATH}/RxCocoa.framework",
				"${TARGET_BUILD_DIR}/${FRAMEWORKS_FOLDER_PATH}/RxDataSources.framework",
				"${TARGET_BUILD_DIR}/${FRAMEWORKS_FOLDER_PATH}/RxSwift.framework",
				"${TARGET_BUILD_DIR}/${FRAMEWORKS_FOLDER_PATH}/SideMenu.framework",
				"${TARGET_BUILD_DIR}/${FRAMEWORKS_FOLDER_PATH}/SnapKit.framework",
				"${TARGET_BUILD_DIR}/${FRAMEWORKS_FOLDER_PATH}/SwiftyJSON.framework",
				"${TARGET_BUILD_DIR}/${FRAMEWORKS_FOLDER_PATH}/XLPagerTabStrip.framework",
				"${TARGET_BUILD_DIR}/${FRAMEWORKS_FOLDER_PATH}/GRPCClient.framework",
				"${TARGET_BUILD_DIR}/${FRAMEWORKS_FOLDER_PATH}/grpc.framework",
				"${TARGET_BUILD_DIR}/${FRAMEWORKS_FOLDER_PATH}/ProtoRPC.framework",
				"${TARGET_BUILD_DIR}/${FRAMEWORKS_FOLDER_PATH}/RxLibrary.framework",
				"${TARGET_BUILD_DIR}/${FRAMEWORKS_FOLDER_PATH}/leveldb.framework",
				"${TARGET_BUILD_DIR}/${FRAMEWORKS_FOLDER_PATH}/nanopb.framework",
			);
			runOnlyForDeploymentPostprocessing = 0;
			shellPath = /bin/sh;
			shellScript = "\"${SRCROOT}/Pods/Target Support Files/Pods-aboon/Pods-aboon-frameworks.sh\"\n";
			showEnvVarsInLog = 0;
		};
		6ECD2990DB2BEFEFF3EE63FA /* [CP] Check Pods Manifest.lock */ = {
			isa = PBXShellScriptBuildPhase;
			buildActionMask = 2147483647;
			files = (
			);
			inputPaths = (
				"${PODS_PODFILE_DIR_PATH}/Podfile.lock",
				"${PODS_ROOT}/Manifest.lock",
			);
			name = "[CP] Check Pods Manifest.lock";
			outputPaths = (
				"$(DERIVED_FILE_DIR)/Pods-aboonTests-checkManifestLockResult.txt",
			);
			runOnlyForDeploymentPostprocessing = 0;
			shellPath = /bin/sh;
			shellScript = "diff \"${PODS_PODFILE_DIR_PATH}/Podfile.lock\" \"${PODS_ROOT}/Manifest.lock\" > /dev/null\nif [ $? != 0 ] ; then\n    # print error to STDERR\n    echo \"error: The sandbox is not in sync with the Podfile.lock. Run 'pod install' or update your CocoaPods installation.\" >&2\n    exit 1\nfi\n# This output is used by Xcode 'outputs' to avoid re-running this script phase.\necho \"SUCCESS\" > \"${SCRIPT_OUTPUT_FILE_0}\"\n";
			showEnvVarsInLog = 0;
		};
		7507BE3D20E1445F00749F59 /* ShellScript */ = {
			isa = PBXShellScriptBuildPhase;
			buildActionMask = 2147483647;
			files = (
			);
			inputPaths = (
			);
			outputPaths = (
			);
			runOnlyForDeploymentPostprocessing = 0;
			shellPath = /bin/sh;
			shellScript = "\"$PODS_ROOT/R.swift/rswift\" generate \"$SRCROOT\"";
		};
		B09CAD0DBED9DA00B088E997 /* [CP] Check Pods Manifest.lock */ = {
			isa = PBXShellScriptBuildPhase;
			buildActionMask = 2147483647;
			files = (
			);
			inputPaths = (
				"${PODS_PODFILE_DIR_PATH}/Podfile.lock",
				"${PODS_ROOT}/Manifest.lock",
			);
			name = "[CP] Check Pods Manifest.lock";
			outputPaths = (
				"$(DERIVED_FILE_DIR)/Pods-aboonUITests-checkManifestLockResult.txt",
			);
			runOnlyForDeploymentPostprocessing = 0;
			shellPath = /bin/sh;
			shellScript = "diff \"${PODS_PODFILE_DIR_PATH}/Podfile.lock\" \"${PODS_ROOT}/Manifest.lock\" > /dev/null\nif [ $? != 0 ] ; then\n    # print error to STDERR\n    echo \"error: The sandbox is not in sync with the Podfile.lock. Run 'pod install' or update your CocoaPods installation.\" >&2\n    exit 1\nfi\n# This output is used by Xcode 'outputs' to avoid re-running this script phase.\necho \"SUCCESS\" > \"${SCRIPT_OUTPUT_FILE_0}\"\n";
			showEnvVarsInLog = 0;
		};
		E4EB52F8FBD41EB2F1D6F94B /* [CP] Check Pods Manifest.lock */ = {
			isa = PBXShellScriptBuildPhase;
			buildActionMask = 2147483647;
			files = (
			);
			inputPaths = (
				"${PODS_PODFILE_DIR_PATH}/Podfile.lock",
				"${PODS_ROOT}/Manifest.lock",
			);
			name = "[CP] Check Pods Manifest.lock";
			outputPaths = (
				"$(DERIVED_FILE_DIR)/Pods-aboon-checkManifestLockResult.txt",
			);
			runOnlyForDeploymentPostprocessing = 0;
			shellPath = /bin/sh;
			shellScript = "diff \"${PODS_PODFILE_DIR_PATH}/Podfile.lock\" \"${PODS_ROOT}/Manifest.lock\" > /dev/null\nif [ $? != 0 ] ; then\n    # print error to STDERR\n    echo \"error: The sandbox is not in sync with the Podfile.lock. Run 'pod install' or update your CocoaPods installation.\" >&2\n    exit 1\nfi\n# This output is used by Xcode 'outputs' to avoid re-running this script phase.\necho \"SUCCESS\" > \"${SCRIPT_OUTPUT_FILE_0}\"\n";
			showEnvVarsInLog = 0;
		};
/* End PBXShellScriptBuildPhase section */

/* Begin PBXSourcesBuildPhase section */
		082E9D5920D13A1A00ED6A22 /* Sources */ = {
			isa = PBXSourcesBuildPhase;
			buildActionMask = 2147483647;
			files = (
				799204E821131722002BAC48 /* ShopDetailDescriptionView.swift in Sources */,
				79DFB6A121204D2D009F031B /* CouponConfirmationModel.swift in Sources */,
				FE9A3AB4210D5AE600603F4C /* CouponListCollectionCell.swift in Sources */,
				79214BFC211FB5BA001932D1 /* Category.swift in Sources */,
				79180983212874C10025345C /* FirebaseAuthErrorHandling.swift in Sources */,
				2C1541BF20E208C8001941ED /* NavigationItem.swift in Sources */,
				79214C04211FBF7D001932D1 /* Member.swift in Sources */,
				FEA3DA3C21030832007F69B6 /* MyMenuView.swift in Sources */,
				FE9A3AB2210D5A9300603F4C /* CouponListCollectionView.swift in Sources */,
				2CD6215220DF52A900C81DF7 /* ShopDetailViewController.swift in Sources */,
				2CD6215020DF529C00C81DF7 /* ShopListViewController.swift in Sources */,
				2CA3DA6720E3C23D00D3A9CA /* ShopListCollectionView.swift in Sources */,
				2CD6214820DF50D300C81DF7 /* MyCouponListViewController.swift in Sources */,
				869A986020E731FB00BF924F /* ShopListCollectionModel.swift in Sources */,
				FE9A3AB6210D65EA00603F4C /* CouponListCollectionModel.swift in Sources */,
				79214BF6211F8DBB001932D1 /* CouponRoomCollectionViewCell.swift in Sources */,
				799042E4211AB6660061DAA1 /* SignUpModel.swift in Sources */,
				FEA3DABF21045B9E007F69B6 /* SideMenuNavigationBar.swift in Sources */,
				FE9A3AAE210D59A600603F4C /* CouponListViewController.swift in Sources */,
				2C0EDC4220DE111200F0F8E8 /* CategoryViewController.swift in Sources */,
				79DFB6B221231C7B009F031B /* WebView.swift in Sources */,
				79214BEE211F8C1D001932D1 /* CouponRoomViewController.swift in Sources */,
				799042E0211995EC0061DAA1 /* SignUpView.swift in Sources */,
				79214C00211FB61C001932D1 /* Coupon.swift in Sources */,
				79214BF2211F8D7E001932D1 /* CouponRoomView.swift in Sources */,
				49ADCD8E20E2955400EB1181 /* CategoryView.swift in Sources */,
				2C1541C520E364BF001941ED /* CategoryCollectionView.swift in Sources */,
				79F482B12105B535003B28F5 /* Shop.swift in Sources */,
				79214C02211FB65B001932D1 /* MyCoupon.swift in Sources */,
				79214BF4211F8D9C001932D1 /* CouponRoomCollectionView.swift in Sources */,
				2C0EDC3E20DE108500F0F8E8 /* TabBarController.swift in Sources */,
				799042E22119A1460061DAA1 /* User.swift in Sources */,
				79E31E1121462A7C00E709EC /* TutorialViewController.swift in Sources */,
				869A985E20E725F300BF924F /* ShopListCollectionViewCell.swift in Sources */,
				799042DE211995BB0061DAA1 /* SignUpViewController.swift in Sources */,
				2C1541C120E22AA3001941ED /* CategoryCollectionViewCell.swift in Sources */,
				FEA3DA38210302DD007F69B6 /* MyMenuModel.swift in Sources */,
				FEA3DA3E21030DB2007F69B6 /* MyMenuTableViewCell.swift in Sources */,
				79214BE4211C28E0001932D1 /* SignInView.swift in Sources */,
				2C04E51320E0AFB500AECC8E /* NavigationController.swift in Sources */,
				79214BFA211F94A5001932D1 /* CouponRoomInviteViewCell.swift in Sources */,
				75193E4B20DBB8FA00EF417E /* Debug.swift in Sources */,
				799204EA21181AC8002BAC48 /* ShopDetailModel.swift in Sources */,
				FE9A3AB0210D5A1800603F4C /* CouponlistView.swift in Sources */,
				79214BEC211F3B88001932D1 /* MyCouponListCollectionViewCell.swift in Sources */,
				799204E621131644002BAC48 /* ShopDetailScrollView.swift in Sources */,
				79DFB6A321204E96009F031B /* CouponConfirmationView.swift in Sources */,
				797036D8212557AB00A4AD16 /* Featured.swift in Sources */,
				7507BE3F20E145A900749F59 /* R.generated.swift in Sources */,
				2C1541C320E22DAD001941ED /* CategoryCollectionModel.swift in Sources */,
				2CD6216920DF7EE700C81DF7 /* UIColorHex.swift in Sources */,
				799204E421130C43002BAC48 /* ShopDetailView.swift in Sources */,
				2C3B1D8220E38F79009115C0 /* ShopListView.swift in Sources */,
				797036D52125556800A4AD16 /* ShopListCollectionBanner.swift in Sources */,
				2C04E51520E0B5A900AECC8E /* NavigationBar.swift in Sources */,
				FE1F69DD20FB64F800CBF60A /* MyCouponListCollectionModel.swift in Sources */,
				2CD6215820DF538600C81DF7 /* SignInViewController.swift in Sources */,
				082E9D6120D13A1A00ED6A22 /* AppDelegate.swift in Sources */,
				FE1F69DF20FB657C00CBF60A /* TestCoupon.swift in Sources */,
				79214BF0211F8C8C001932D1 /* CouponRoomModel.swift in Sources */,
				79214C06212025C8001932D1 /* CouponConfirmationViewController.swift in Sources */,
				799204E22113042D002BAC48 /* MyMenuViewController.swift in Sources */,
				79E31E142146314A00E709EC /* TutorialPageViewController.swift in Sources */,
				79214BFE211FB5D3001932D1 /* ShopSummary.swift in Sources */,
				79DFB6AF21231B90009F031B /* WebViewController.swift in Sources */,
				79214BF8211F933D001932D1 /* Room.swift in Sources */,
			);
			runOnlyForDeploymentPostprocessing = 0;
		};
		082E9D6D20D13A1B00ED6A22 /* Sources */ = {
			isa = PBXSourcesBuildPhase;
			buildActionMask = 2147483647;
			files = (
				082E9D7620D13A1B00ED6A22 /* aboonTests.swift in Sources */,
			);
			runOnlyForDeploymentPostprocessing = 0;
		};
		082E9D7820D13A1B00ED6A22 /* Sources */ = {
			isa = PBXSourcesBuildPhase;
			buildActionMask = 2147483647;
			files = (
				082E9D8120D13A1B00ED6A22 /* aboonUITests.swift in Sources */,
			);
			runOnlyForDeploymentPostprocessing = 0;
		};
/* End PBXSourcesBuildPhase section */

/* Begin PBXTargetDependency section */
		082E9D7320D13A1B00ED6A22 /* PBXTargetDependency */ = {
			isa = PBXTargetDependency;
			target = 082E9D5C20D13A1A00ED6A22 /* aboon */;
			targetProxy = 082E9D7220D13A1B00ED6A22 /* PBXContainerItemProxy */;
		};
		082E9D7E20D13A1B00ED6A22 /* PBXTargetDependency */ = {
			isa = PBXTargetDependency;
			target = 082E9D5C20D13A1A00ED6A22 /* aboon */;
			targetProxy = 082E9D7D20D13A1B00ED6A22 /* PBXContainerItemProxy */;
		};
/* End PBXTargetDependency section */

/* Begin PBXVariantGroup section */
		082E9D6920D13A1B00ED6A22 /* LaunchScreen.storyboard */ = {
			isa = PBXVariantGroup;
			children = (
				082E9D6A20D13A1B00ED6A22 /* Base */,
				794EF2BD212969A20091ADF1 /* ja */,
			);
			name = LaunchScreen.storyboard;
			sourceTree = "<group>";
		};
/* End PBXVariantGroup section */

/* Begin XCBuildConfiguration section */
		082E9D8320D13A1B00ED6A22 /* Debug */ = {
			isa = XCBuildConfiguration;
			buildSettings = {
				ALWAYS_SEARCH_USER_PATHS = NO;
				CLANG_ANALYZER_LOCALIZABILITY_NONLOCALIZED = YES;
				CLANG_ANALYZER_NONNULL = YES;
				CLANG_ANALYZER_NUMBER_OBJECT_CONVERSION = YES_AGGRESSIVE;
				CLANG_CXX_LANGUAGE_STANDARD = "gnu++14";
				CLANG_CXX_LIBRARY = "libc++";
				CLANG_ENABLE_MODULES = YES;
				CLANG_ENABLE_OBJC_ARC = YES;
				CLANG_WARN_BLOCK_CAPTURE_AUTORELEASING = YES;
				CLANG_WARN_BOOL_CONVERSION = YES;
				CLANG_WARN_COMMA = YES;
				CLANG_WARN_CONSTANT_CONVERSION = YES;
				CLANG_WARN_DEPRECATED_OBJC_IMPLEMENTATIONS = YES;
				CLANG_WARN_DIRECT_OBJC_ISA_USAGE = YES_ERROR;
				CLANG_WARN_DOCUMENTATION_COMMENTS = YES;
				CLANG_WARN_EMPTY_BODY = YES;
				CLANG_WARN_ENUM_CONVERSION = YES;
				CLANG_WARN_INFINITE_RECURSION = YES;
				CLANG_WARN_INT_CONVERSION = YES;
				CLANG_WARN_NON_LITERAL_NULL_CONVERSION = YES;
				CLANG_WARN_OBJC_IMPLICIT_RETAIN_SELF = YES;
				CLANG_WARN_OBJC_LITERAL_CONVERSION = YES;
				CLANG_WARN_OBJC_ROOT_CLASS = YES_ERROR;
				CLANG_WARN_RANGE_LOOP_ANALYSIS = YES;
				CLANG_WARN_STRICT_PROTOTYPES = YES;
				CLANG_WARN_SUSPICIOUS_MOVE = YES;
				CLANG_WARN_UNGUARDED_AVAILABILITY = YES_AGGRESSIVE;
				CLANG_WARN_UNREACHABLE_CODE = YES;
				CLANG_WARN__DUPLICATE_METHOD_MATCH = YES;
				CODE_SIGN_IDENTITY = "iPhone Developer";
				COPY_PHASE_STRIP = NO;
				DEBUG_INFORMATION_FORMAT = dwarf;
				ENABLE_STRICT_OBJC_MSGSEND = YES;
				ENABLE_TESTABILITY = YES;
				GCC_C_LANGUAGE_STANDARD = gnu11;
				GCC_DYNAMIC_NO_PIC = NO;
				GCC_NO_COMMON_BLOCKS = YES;
				GCC_OPTIMIZATION_LEVEL = 0;
				GCC_PREPROCESSOR_DEFINITIONS = (
					"DEBUG=1",
					"$(inherited)",
				);
				GCC_WARN_64_TO_32_BIT_CONVERSION = YES;
				GCC_WARN_ABOUT_RETURN_TYPE = YES_ERROR;
				GCC_WARN_UNDECLARED_SELECTOR = YES;
				GCC_WARN_UNINITIALIZED_AUTOS = YES_AGGRESSIVE;
				GCC_WARN_UNUSED_FUNCTION = YES;
				GCC_WARN_UNUSED_VARIABLE = YES;
				IPHONEOS_DEPLOYMENT_TARGET = 10.0;
				MTL_ENABLE_DEBUG_INFO = YES;
				ONLY_ACTIVE_ARCH = YES;
				SDKROOT = iphoneos;
				SWIFT_ACTIVE_COMPILATION_CONDITIONS = DEBUG;
				SWIFT_OPTIMIZATION_LEVEL = "-Onone";
			};
			name = Debug;
		};
		082E9D8420D13A1B00ED6A22 /* Release */ = {
			isa = XCBuildConfiguration;
			buildSettings = {
				ALWAYS_SEARCH_USER_PATHS = NO;
				CLANG_ANALYZER_LOCALIZABILITY_NONLOCALIZED = YES;
				CLANG_ANALYZER_NONNULL = YES;
				CLANG_ANALYZER_NUMBER_OBJECT_CONVERSION = YES_AGGRESSIVE;
				CLANG_CXX_LANGUAGE_STANDARD = "gnu++14";
				CLANG_CXX_LIBRARY = "libc++";
				CLANG_ENABLE_MODULES = YES;
				CLANG_ENABLE_OBJC_ARC = YES;
				CLANG_WARN_BLOCK_CAPTURE_AUTORELEASING = YES;
				CLANG_WARN_BOOL_CONVERSION = YES;
				CLANG_WARN_COMMA = YES;
				CLANG_WARN_CONSTANT_CONVERSION = YES;
				CLANG_WARN_DEPRECATED_OBJC_IMPLEMENTATIONS = YES;
				CLANG_WARN_DIRECT_OBJC_ISA_USAGE = YES_ERROR;
				CLANG_WARN_DOCUMENTATION_COMMENTS = YES;
				CLANG_WARN_EMPTY_BODY = YES;
				CLANG_WARN_ENUM_CONVERSION = YES;
				CLANG_WARN_INFINITE_RECURSION = YES;
				CLANG_WARN_INT_CONVERSION = YES;
				CLANG_WARN_NON_LITERAL_NULL_CONVERSION = YES;
				CLANG_WARN_OBJC_IMPLICIT_RETAIN_SELF = YES;
				CLANG_WARN_OBJC_LITERAL_CONVERSION = YES;
				CLANG_WARN_OBJC_ROOT_CLASS = YES_ERROR;
				CLANG_WARN_RANGE_LOOP_ANALYSIS = YES;
				CLANG_WARN_STRICT_PROTOTYPES = YES;
				CLANG_WARN_SUSPICIOUS_MOVE = YES;
				CLANG_WARN_UNGUARDED_AVAILABILITY = YES_AGGRESSIVE;
				CLANG_WARN_UNREACHABLE_CODE = YES;
				CLANG_WARN__DUPLICATE_METHOD_MATCH = YES;
				CODE_SIGN_IDENTITY = "iPhone Developer";
				COPY_PHASE_STRIP = NO;
				DEBUG_INFORMATION_FORMAT = "dwarf-with-dsym";
				ENABLE_NS_ASSERTIONS = NO;
				ENABLE_STRICT_OBJC_MSGSEND = YES;
				GCC_C_LANGUAGE_STANDARD = gnu11;
				GCC_NO_COMMON_BLOCKS = YES;
				GCC_WARN_64_TO_32_BIT_CONVERSION = YES;
				GCC_WARN_ABOUT_RETURN_TYPE = YES_ERROR;
				GCC_WARN_UNDECLARED_SELECTOR = YES;
				GCC_WARN_UNINITIALIZED_AUTOS = YES_AGGRESSIVE;
				GCC_WARN_UNUSED_FUNCTION = YES;
				GCC_WARN_UNUSED_VARIABLE = YES;
				IPHONEOS_DEPLOYMENT_TARGET = 10.0;
				MTL_ENABLE_DEBUG_INFO = NO;
				SDKROOT = iphoneos;
				SWIFT_OPTIMIZATION_LEVEL = "-Owholemodule";
				VALIDATE_PRODUCT = YES;
			};
			name = Release;
		};
		082E9D8620D13A1B00ED6A22 /* Debug */ = {
			isa = XCBuildConfiguration;
			baseConfigurationReference = C9F010AEA949126B9A4B3709 /* Pods-aboon.debug.xcconfig */;
			buildSettings = {
				ASSETCATALOG_COMPILER_APPICON_NAME = AppIcon;
				CODE_SIGN_ENTITLEMENTS = aboon/aboon.entitlements;
				CODE_SIGN_STYLE = Automatic;
				DEVELOPMENT_TEAM = QKYN6PD399;
				INFOPLIST_FILE = aboon/Info.plist;
				IPHONEOS_DEPLOYMENT_TARGET = 10.0;
				LD_RUNPATH_SEARCH_PATHS = "$(inherited) @executable_path/Frameworks";
				PRODUCT_BUNDLE_IDENTIFIER = jp.aboon.aboonApp;
				PRODUCT_NAME = "$(TARGET_NAME)";
				SWIFT_VERSION = 4.0;
				TARGETED_DEVICE_FAMILY = "1,2";
			};
			name = Debug;
		};
		082E9D8720D13A1B00ED6A22 /* Release */ = {
			isa = XCBuildConfiguration;
			baseConfigurationReference = C98318E252737C6A37E482FE /* Pods-aboon.release.xcconfig */;
			buildSettings = {
				ASSETCATALOG_COMPILER_APPICON_NAME = AppIcon;
				CODE_SIGN_ENTITLEMENTS = aboon/aboon.entitlements;
				CODE_SIGN_STYLE = Automatic;
				DEVELOPMENT_TEAM = QKYN6PD399;
				INFOPLIST_FILE = aboon/Info.plist;
				IPHONEOS_DEPLOYMENT_TARGET = 10.0;
				LD_RUNPATH_SEARCH_PATHS = "$(inherited) @executable_path/Frameworks";
				PRODUCT_BUNDLE_IDENTIFIER = jp.aboon.aboonApp;
				PRODUCT_NAME = "$(TARGET_NAME)";
				SWIFT_VERSION = 4.0;
				TARGETED_DEVICE_FAMILY = "1,2";
			};
			name = Release;
		};
		082E9D8920D13A1B00ED6A22 /* Debug */ = {
			isa = XCBuildConfiguration;
			baseConfigurationReference = 5AE6F603202A8DA8EA190F33 /* Pods-aboonTests.debug.xcconfig */;
			buildSettings = {
				ALWAYS_EMBED_SWIFT_STANDARD_LIBRARIES = YES;
				BUNDLE_LOADER = "$(TEST_HOST)";
				CODE_SIGN_STYLE = Automatic;
				INFOPLIST_FILE = aboonTests/Info.plist;
				LD_RUNPATH_SEARCH_PATHS = "$(inherited) @executable_path/Frameworks @loader_path/Frameworks";
				PRODUCT_BUNDLE_IDENTIFIER = jp.aboon.aboonTests;
				PRODUCT_NAME = "$(TARGET_NAME)";
				SWIFT_VERSION = 4.0;
				TARGETED_DEVICE_FAMILY = "1,2";
				TEST_HOST = "$(BUILT_PRODUCTS_DIR)/aboon.app/aboon";
			};
			name = Debug;
		};
		082E9D8A20D13A1B00ED6A22 /* Release */ = {
			isa = XCBuildConfiguration;
			baseConfigurationReference = BA40E4C99D656DF5EFD3CD07 /* Pods-aboonTests.release.xcconfig */;
			buildSettings = {
				ALWAYS_EMBED_SWIFT_STANDARD_LIBRARIES = YES;
				BUNDLE_LOADER = "$(TEST_HOST)";
				CODE_SIGN_STYLE = Automatic;
				INFOPLIST_FILE = aboonTests/Info.plist;
				LD_RUNPATH_SEARCH_PATHS = "$(inherited) @executable_path/Frameworks @loader_path/Frameworks";
				PRODUCT_BUNDLE_IDENTIFIER = jp.aboon.aboonTests;
				PRODUCT_NAME = "$(TARGET_NAME)";
				SWIFT_VERSION = 4.0;
				TARGETED_DEVICE_FAMILY = "1,2";
				TEST_HOST = "$(BUILT_PRODUCTS_DIR)/aboon.app/aboon";
			};
			name = Release;
		};
		082E9D8C20D13A1B00ED6A22 /* Debug */ = {
			isa = XCBuildConfiguration;
			baseConfigurationReference = 2B35FBDFE453D9603C5F4A35 /* Pods-aboonUITests.debug.xcconfig */;
			buildSettings = {
				ALWAYS_EMBED_SWIFT_STANDARD_LIBRARIES = YES;
				CODE_SIGN_STYLE = Automatic;
				INFOPLIST_FILE = aboonUITests/Info.plist;
				LD_RUNPATH_SEARCH_PATHS = "$(inherited) @executable_path/Frameworks @loader_path/Frameworks";
				PRODUCT_BUNDLE_IDENTIFIER = jp.aboon.aboonUITests;
				PRODUCT_NAME = "$(TARGET_NAME)";
				SWIFT_VERSION = 4.0;
				TARGETED_DEVICE_FAMILY = "1,2";
				TEST_TARGET_NAME = aboon;
			};
			name = Debug;
		};
		082E9D8D20D13A1B00ED6A22 /* Release */ = {
			isa = XCBuildConfiguration;
			baseConfigurationReference = 07892BA0F681465FD4AB1CB7 /* Pods-aboonUITests.release.xcconfig */;
			buildSettings = {
				ALWAYS_EMBED_SWIFT_STANDARD_LIBRARIES = YES;
				CODE_SIGN_STYLE = Automatic;
				INFOPLIST_FILE = aboonUITests/Info.plist;
				LD_RUNPATH_SEARCH_PATHS = "$(inherited) @executable_path/Frameworks @loader_path/Frameworks";
				PRODUCT_BUNDLE_IDENTIFIER = jp.aboon.aboonUITests;
				PRODUCT_NAME = "$(TARGET_NAME)";
				SWIFT_VERSION = 4.0;
				TARGETED_DEVICE_FAMILY = "1,2";
				TEST_TARGET_NAME = aboon;
			};
			name = Release;
		};
		79421423212BC52B007AF27D /* Pre-release */ = {
			isa = XCBuildConfiguration;
			buildSettings = {
				ALWAYS_SEARCH_USER_PATHS = NO;
				CLANG_ANALYZER_LOCALIZABILITY_NONLOCALIZED = YES;
				CLANG_ANALYZER_NONNULL = YES;
				CLANG_ANALYZER_NUMBER_OBJECT_CONVERSION = YES_AGGRESSIVE;
				CLANG_CXX_LANGUAGE_STANDARD = "gnu++14";
				CLANG_CXX_LIBRARY = "libc++";
				CLANG_ENABLE_MODULES = YES;
				CLANG_ENABLE_OBJC_ARC = YES;
				CLANG_WARN_BLOCK_CAPTURE_AUTORELEASING = YES;
				CLANG_WARN_BOOL_CONVERSION = YES;
				CLANG_WARN_COMMA = YES;
				CLANG_WARN_CONSTANT_CONVERSION = YES;
				CLANG_WARN_DEPRECATED_OBJC_IMPLEMENTATIONS = YES;
				CLANG_WARN_DIRECT_OBJC_ISA_USAGE = YES_ERROR;
				CLANG_WARN_DOCUMENTATION_COMMENTS = YES;
				CLANG_WARN_EMPTY_BODY = YES;
				CLANG_WARN_ENUM_CONVERSION = YES;
				CLANG_WARN_INFINITE_RECURSION = YES;
				CLANG_WARN_INT_CONVERSION = YES;
				CLANG_WARN_NON_LITERAL_NULL_CONVERSION = YES;
				CLANG_WARN_OBJC_IMPLICIT_RETAIN_SELF = YES;
				CLANG_WARN_OBJC_LITERAL_CONVERSION = YES;
				CLANG_WARN_OBJC_ROOT_CLASS = YES_ERROR;
				CLANG_WARN_RANGE_LOOP_ANALYSIS = YES;
				CLANG_WARN_STRICT_PROTOTYPES = YES;
				CLANG_WARN_SUSPICIOUS_MOVE = YES;
				CLANG_WARN_UNGUARDED_AVAILABILITY = YES_AGGRESSIVE;
				CLANG_WARN_UNREACHABLE_CODE = YES;
				CLANG_WARN__DUPLICATE_METHOD_MATCH = YES;
				CODE_SIGN_IDENTITY = "iPhone Developer";
				COPY_PHASE_STRIP = NO;
				DEBUG_INFORMATION_FORMAT = dwarf;
				ENABLE_STRICT_OBJC_MSGSEND = YES;
				ENABLE_TESTABILITY = YES;
				GCC_C_LANGUAGE_STANDARD = gnu11;
				GCC_DYNAMIC_NO_PIC = NO;
				GCC_NO_COMMON_BLOCKS = YES;
				GCC_OPTIMIZATION_LEVEL = 0;
				GCC_PREPROCESSOR_DEFINITIONS = (
					"DEBUG=1",
					"$(inherited)",
				);
				GCC_WARN_64_TO_32_BIT_CONVERSION = YES;
				GCC_WARN_ABOUT_RETURN_TYPE = YES_ERROR;
				GCC_WARN_UNDECLARED_SELECTOR = YES;
				GCC_WARN_UNINITIALIZED_AUTOS = YES_AGGRESSIVE;
				GCC_WARN_UNUSED_FUNCTION = YES;
				GCC_WARN_UNUSED_VARIABLE = YES;
				IPHONEOS_DEPLOYMENT_TARGET = 10.0;
				MTL_ENABLE_DEBUG_INFO = YES;
				ONLY_ACTIVE_ARCH = YES;
				SDKROOT = iphoneos;
				SWIFT_ACTIVE_COMPILATION_CONDITIONS = DEBUG;
				SWIFT_OPTIMIZATION_LEVEL = "-Onone";
			};
			name = "Pre-release";
		};
		79421424212BC52B007AF27D /* Pre-release */ = {
			isa = XCBuildConfiguration;
			baseConfigurationReference = C9F010AEA949126B9A4B3709 /* Pods-aboon.debug.xcconfig */;
			buildSettings = {
				ASSETCATALOG_COMPILER_APPICON_NAME = AppIcon;
				CODE_SIGN_ENTITLEMENTS = aboon/aboon.entitlements;
				CODE_SIGN_STYLE = Automatic;
				DEVELOPMENT_TEAM = QKYN6PD399;
				INFOPLIST_FILE = aboon/Info.plist;
				IPHONEOS_DEPLOYMENT_TARGET = 10.0;
				LD_RUNPATH_SEARCH_PATHS = "$(inherited) @executable_path/Frameworks";
				PRODUCT_BUNDLE_IDENTIFIER = jp.aboon.aboonApp;
				PRODUCT_NAME = "$(TARGET_NAME)";
				SWIFT_VERSION = 4.0;
				TARGETED_DEVICE_FAMILY = "1,2";
			};
			name = "Pre-release";
		};
		79421425212BC52B007AF27D /* Pre-release */ = {
			isa = XCBuildConfiguration;
			baseConfigurationReference = 5AE6F603202A8DA8EA190F33 /* Pods-aboonTests.debug.xcconfig */;
			buildSettings = {
				ALWAYS_EMBED_SWIFT_STANDARD_LIBRARIES = YES;
				BUNDLE_LOADER = "$(TEST_HOST)";
				CODE_SIGN_STYLE = Automatic;
				INFOPLIST_FILE = aboonTests/Info.plist;
				LD_RUNPATH_SEARCH_PATHS = "$(inherited) @executable_path/Frameworks @loader_path/Frameworks";
				PRODUCT_BUNDLE_IDENTIFIER = jp.aboon.aboonTests;
				PRODUCT_NAME = "$(TARGET_NAME)";
				SWIFT_VERSION = 4.0;
				TARGETED_DEVICE_FAMILY = "1,2";
				TEST_HOST = "$(BUILT_PRODUCTS_DIR)/aboon.app/aboon";
			};
			name = "Pre-release";
		};
		79421426212BC52B007AF27D /* Pre-release */ = {
			isa = XCBuildConfiguration;
			baseConfigurationReference = 2B35FBDFE453D9603C5F4A35 /* Pods-aboonUITests.debug.xcconfig */;
			buildSettings = {
				ALWAYS_EMBED_SWIFT_STANDARD_LIBRARIES = YES;
				CODE_SIGN_STYLE = Automatic;
				INFOPLIST_FILE = aboonUITests/Info.plist;
				LD_RUNPATH_SEARCH_PATHS = "$(inherited) @executable_path/Frameworks @loader_path/Frameworks";
				PRODUCT_BUNDLE_IDENTIFIER = jp.aboon.aboonUITests;
				PRODUCT_NAME = "$(TARGET_NAME)";
				SWIFT_VERSION = 4.0;
				TARGETED_DEVICE_FAMILY = "1,2";
				TEST_TARGET_NAME = aboon;
			};
			name = "Pre-release";
		};
/* End XCBuildConfiguration section */

/* Begin XCConfigurationList section */
		082E9D5820D13A1A00ED6A22 /* Build configuration list for PBXProject "aboon" */ = {
			isa = XCConfigurationList;
			buildConfigurations = (
				082E9D8320D13A1B00ED6A22 /* Debug */,
				79421423212BC52B007AF27D /* Pre-release */,
				082E9D8420D13A1B00ED6A22 /* Release */,
			);
			defaultConfigurationIsVisible = 0;
			defaultConfigurationName = Debug;
		};
		082E9D8520D13A1B00ED6A22 /* Build configuration list for PBXNativeTarget "aboon" */ = {
			isa = XCConfigurationList;
			buildConfigurations = (
				082E9D8620D13A1B00ED6A22 /* Debug */,
				79421424212BC52B007AF27D /* Pre-release */,
				082E9D8720D13A1B00ED6A22 /* Release */,
			);
			defaultConfigurationIsVisible = 0;
			defaultConfigurationName = Debug;
		};
		082E9D8820D13A1B00ED6A22 /* Build configuration list for PBXNativeTarget "aboonTests" */ = {
			isa = XCConfigurationList;
			buildConfigurations = (
				082E9D8920D13A1B00ED6A22 /* Debug */,
				79421425212BC52B007AF27D /* Pre-release */,
				082E9D8A20D13A1B00ED6A22 /* Release */,
			);
			defaultConfigurationIsVisible = 0;
			defaultConfigurationName = Debug;
		};
		082E9D8B20D13A1B00ED6A22 /* Build configuration list for PBXNativeTarget "aboonUITests" */ = {
			isa = XCConfigurationList;
			buildConfigurations = (
				082E9D8C20D13A1B00ED6A22 /* Debug */,
				79421426212BC52B007AF27D /* Pre-release */,
				082E9D8D20D13A1B00ED6A22 /* Release */,
			);
			defaultConfigurationIsVisible = 0;
			defaultConfigurationName = Debug;
		};
/* End XCConfigurationList section */
	};
	rootObject = 082E9D5520D13A1A00ED6A22 /* Project object */;
}
